// !$*UTF8*$!
{
	archiveVersion = 1;
	classes = {
	};
	objectVersion = 46;
	objects = {

/* Begin PBXBuildFile section */
		0B6814E716C9C15500C379BC /* ExampleViewController.m in Sources */ = {isa = PBXBuildFile; fileRef = 0B6814E516C9C15500C379BC /* ExampleViewController.m */; };
		0B8CC9CE16BF2955008258CB /* Security.framework in Frameworks */ = {isa = PBXBuildFile; fileRef = 0B8CC9CD16BF2955008258CB /* Security.framework */; };
		0BE8817116BF155D008E9937 /* UIKit.framework in Frameworks */ = {isa = PBXBuildFile; fileRef = 0BE8817016BF155D008E9937 /* UIKit.framework */; };
		0BE8817316BF155D008E9937 /* Foundation.framework in Frameworks */ = {isa = PBXBuildFile; fileRef = 0BE8817216BF155D008E9937 /* Foundation.framework */; };
		0BE8817516BF155D008E9937 /* CoreGraphics.framework in Frameworks */ = {isa = PBXBuildFile; fileRef = 0BE8817416BF155D008E9937 /* CoreGraphics.framework */; };
		0BE8817B16BF155D008E9937 /* InfoPlist.strings in Resources */ = {isa = PBXBuildFile; fileRef = 0BE8817916BF155D008E9937 /* InfoPlist.strings */; };
		0BE8817D16BF155D008E9937 /* main.m in Sources */ = {isa = PBXBuildFile; fileRef = 0BE8817C16BF155D008E9937 /* main.m */; };
		0BE8819916BF166E008E9937 /* ExampleConfiguration.m in Sources */ = {isa = PBXBuildFile; fileRef = 0BE8819816BF166E008E9937 /* ExampleConfiguration.m */; };
		7401ED001F6F78F4001AE129 /* ExampleConfiguration.swift in Sources */ = {isa = PBXBuildFile; fileRef = 7484AB631F6F56CA000D66C3 /* ExampleConfiguration.swift */; };
		740349A11FD5E9F000C9AD60 /* AppfigurateExampleUITests.m in Sources */ = {isa = PBXBuildFile; fileRef = 744C77A81FD5E92C00FBFE70 /* AppfigurateExampleUITests.m */; };
		74081A861F5A918200D3024C /* AppDelegate.m in Sources */ = {isa = PBXBuildFile; fileRef = 0BE8818016BF155D008E9937 /* AppDelegate.m */; };
		7426AC831E300C5D0075A727 /* Images.xcassets in Resources */ = {isa = PBXBuildFile; fileRef = 7426AC821E300C5D0075A727 /* Images.xcassets */; };
		743907B81FE9EA8A007BC161 /* AppfigurateExample.xcassets in Resources */ = {isa = PBXBuildFile; fileRef = 743907B71FE9EA8A007BC161 /* AppfigurateExample.xcassets */; };
		743907BA1FE9EB61007BC161 /* SwiftExample.xcassets in Resources */ = {isa = PBXBuildFile; fileRef = 743907B91FE9EB61007BC161 /* SwiftExample.xcassets */; };
		74437C951DDD5B71001A00C1 /* Launch.storyboard in Resources */ = {isa = PBXBuildFile; fileRef = 74437C941DDD5B71001A00C1 /* Launch.storyboard */; };
		744C5FAB1FEA02240090524E /* libAppfigurateLibrary.a in Frameworks */ = {isa = PBXBuildFile; fileRef = 744C5FAA1FEA02240090524E /* libAppfigurateLibrary.a */; };
		744C5FAC1FEA02390090524E /* libAppfigurateLibrary.a in Frameworks */ = {isa = PBXBuildFile; fileRef = 744C5FAA1FEA02240090524E /* libAppfigurateLibrary.a */; };
		744C5FAE1FEA02530090524E /* libAppfigurateWatchLibrary.a in Frameworks */ = {isa = PBXBuildFile; fileRef = 744C5FAD1FEA02530090524E /* libAppfigurateWatchLibrary.a */; };
		744C5FAF1FEA02630090524E /* libAppfigurateLibrary.a in Frameworks */ = {isa = PBXBuildFile; fileRef = 744C5FAA1FEA02240090524E /* libAppfigurateLibrary.a */; };
		744C5FB01FEA02750090524E /* libAppfigurateLibrary.a in Frameworks */ = {isa = PBXBuildFile; fileRef = 744C5FAA1FEA02240090524E /* libAppfigurateLibrary.a */; };
		748295B91FD3EFB40046D63A /* ExampleConfiguration.m in Sources */ = {isa = PBXBuildFile; fileRef = 0BE8819816BF166E008E9937 /* ExampleConfiguration.m */; };
		74C5228D1DFF7FA200691FFB /* Example.storyboard in Resources */ = {isa = PBXBuildFile; fileRef = 74C5228C1DFF7FA200691FFB /* Example.storyboard */; };
		74C73BAC1F6795110003B691 /* AppDelegate.swift in Sources */ = {isa = PBXBuildFile; fileRef = 74C73BAB1F6795110003B691 /* AppDelegate.swift */; };
		74C73BAE1F6795110003B691 /* SwiftExampleViewController.swift in Sources */ = {isa = PBXBuildFile; fileRef = 74C73BAD1F6795110003B691 /* SwiftExampleViewController.swift */; };
		74C73BB61F6795110003B691 /* LaunchScreen.storyboard in Resources */ = {isa = PBXBuildFile; fileRef = 74C73BB41F6795110003B691 /* LaunchScreen.storyboard */; };
		74C73BEE1F679D250003B691 /* SwiftExample.storyboard in Resources */ = {isa = PBXBuildFile; fileRef = 74C73BEA1F6798BB0003B691 /* SwiftExample.storyboard */; };
		74D879981E6CEE630017E90C /* ActionViewController.m in Sources */ = {isa = PBXBuildFile; fileRef = 74D879971E6CEE630017E90C /* ActionViewController.m */; };
		74D8799B1E6CEE630017E90C /* MainInterface.storyboard in Resources */ = {isa = PBXBuildFile; fileRef = 74D879991E6CEE630017E90C /* MainInterface.storyboard */; };
		74D8799F1E6CEE630017E90C /* ActionExample Extension (iOS).appex in Embed App Extensions */ = {isa = PBXBuildFile; fileRef = 74D879941E6CEE620017E90C /* ActionExample Extension (iOS).appex */; settings = {ATTRIBUTES = (RemoveHeadersOnCopy, ); }; };
		74D879A61E6CEFDD0017E90C /* ExampleConfiguration.m in Sources */ = {isa = PBXBuildFile; fileRef = 0BE8819816BF166E008E9937 /* ExampleConfiguration.m */; };
		74D879A91E6D03000017E90C /* Images.xcassets in Resources */ = {isa = PBXBuildFile; fileRef = 74D879A81E6D03000017E90C /* Images.xcassets */; };
		74E4D66A1E0B1DD300A8C046 /* Interface.storyboard in Resources */ = {isa = PBXBuildFile; fileRef = 74E4D6681E0B1DD300A8C046 /* Interface.storyboard */; };
		74E4D6731E0B1DD300A8C046 /* WatchExampleExtension.appex in Embed App Extensions */ = {isa = PBXBuildFile; fileRef = 74E4D6721E0B1DD300A8C046 /* WatchExampleExtension.appex */; settings = {ATTRIBUTES = (RemoveHeadersOnCopy, ); }; };
		74E4D6791E0B1DD300A8C046 /* InterfaceController.m in Sources */ = {isa = PBXBuildFile; fileRef = 74E4D6781E0B1DD300A8C046 /* InterfaceController.m */; };
		74E4D67C1E0B1DD300A8C046 /* ExtensionDelegate.m in Sources */ = {isa = PBXBuildFile; fileRef = 74E4D67B1E0B1DD300A8C046 /* ExtensionDelegate.m */; };
		74E4D67E1E0B1DD300A8C046 /* Assets.xcassets in Resources */ = {isa = PBXBuildFile; fileRef = 74E4D67D1E0B1DD300A8C046 /* Assets.xcassets */; };
		74E4D6821E0B1DD300A8C046 /* WatchExample.app in Embed Watch Content */ = {isa = PBXBuildFile; fileRef = 74E4D6661E0B1DD300A8C046 /* WatchExample.app */; };
		74E4D6B71E0B202700A8C046 /* ExampleRow.m in Sources */ = {isa = PBXBuildFile; fileRef = 74E4D6B61E0B202700A8C046 /* ExampleRow.m */; };
		74E4D6B91E0B223800A8C046 /* ExampleConfiguration.m in Sources */ = {isa = PBXBuildFile; fileRef = 0BE8819816BF166E008E9937 /* ExampleConfiguration.m */; };
/* End PBXBuildFile section */

/* Begin PBXContainerItemProxy section */
		7476A72A1E2843AF00098D77 /* PBXContainerItemProxy */ = {
			isa = PBXContainerItemProxy;
			containerPortal = 0BE8816516BF155D008E9937 /* Project object */;
			proxyType = 1;
			remoteGlobalIDString = 74E4D6711E0B1DD300A8C046;
			remoteInfo = "WatchExample Extension (watchOS)";
		};
		7476A72C1E2846AB00098D77 /* PBXContainerItemProxy */ = {
			isa = PBXContainerItemProxy;
			containerPortal = 0BE8816516BF155D008E9937 /* Project object */;
			proxyType = 1;
			remoteGlobalIDString = 74E4D6651E0B1DD300A8C046;
			remoteInfo = "WatchExample (watchOS)";
		};
		748295B41FD3EF3A0046D63A /* PBXContainerItemProxy */ = {
			isa = PBXContainerItemProxy;
			containerPortal = 0BE8816516BF155D008E9937 /* Project object */;
			proxyType = 1;
			remoteGlobalIDString = 0BE8816C16BF155D008E9937;
			remoteInfo = "AppfigurateExample (iOS)";
		};
		74D8799D1E6CEE630017E90C /* PBXContainerItemProxy */ = {
			isa = PBXContainerItemProxy;
			containerPortal = 0BE8816516BF155D008E9937 /* Project object */;
			proxyType = 1;
			remoteGlobalIDString = 74D879931E6CEE620017E90C;
			remoteInfo = ActionExample;
		};
/* End PBXContainerItemProxy section */

/* Begin PBXCopyFilesBuildPhase section */
		74D879A31E6CEE630017E90C /* Embed App Extensions */ = {
			isa = PBXCopyFilesBuildPhase;
			buildActionMask = 2147483647;
			dstPath = "";
			dstSubfolderSpec = 13;
			files = (
				74D8799F1E6CEE630017E90C /* ActionExample Extension (iOS).appex in Embed App Extensions */,
			);
			name = "Embed App Extensions";
			runOnlyForDeploymentPostprocessing = 0;
		};
		74E4D6881E0B1DD300A8C046 /* Embed App Extensions */ = {
			isa = PBXCopyFilesBuildPhase;
			buildActionMask = 2147483647;
			dstPath = "";
			dstSubfolderSpec = 13;
			files = (
				74E4D6731E0B1DD300A8C046 /* WatchExampleExtension.appex in Embed App Extensions */,
			);
			name = "Embed App Extensions";
			runOnlyForDeploymentPostprocessing = 0;
		};
		74E4D68A1E0B1DD300A8C046 /* Embed Watch Content */ = {
			isa = PBXCopyFilesBuildPhase;
			buildActionMask = 2147483647;
			dstPath = "$(CONTENTS_FOLDER_PATH)/Watch";
			dstSubfolderSpec = 16;
			files = (
				74E4D6821E0B1DD300A8C046 /* WatchExample.app in Embed Watch Content */,
			);
			name = "Embed Watch Content";
			runOnlyForDeploymentPostprocessing = 0;
		};
/* End PBXCopyFilesBuildPhase section */

/* Begin PBXFileReference section */
		0B6814E416C9C15500C379BC /* ExampleViewController.h */ = {isa = PBXFileReference; fileEncoding = 4; lastKnownFileType = sourcecode.c.h; path = ExampleViewController.h; sourceTree = "<group>"; };
		0B6814E516C9C15500C379BC /* ExampleViewController.m */ = {isa = PBXFileReference; fileEncoding = 4; lastKnownFileType = sourcecode.c.objc; path = ExampleViewController.m; sourceTree = "<group>"; };
		0B8CC9CD16BF2955008258CB /* Security.framework */ = {isa = PBXFileReference; lastKnownFileType = wrapper.framework; name = Security.framework; path = System/Library/Frameworks/Security.framework; sourceTree = SDKROOT; };
		0B92D7A41717686200DAAFEC /* AdSupport.framework */ = {isa = PBXFileReference; lastKnownFileType = wrapper.framework; name = AdSupport.framework; path = System/Library/Frameworks/AdSupport.framework; sourceTree = SDKROOT; };
		0BE8816D16BF155D008E9937 /* AppfigurateExample (iOS).app */ = {isa = PBXFileReference; explicitFileType = wrapper.application; includeInIndex = 0; path = "AppfigurateExample (iOS).app"; sourceTree = BUILT_PRODUCTS_DIR; };
		0BE8817016BF155D008E9937 /* UIKit.framework */ = {isa = PBXFileReference; lastKnownFileType = wrapper.framework; name = UIKit.framework; path = System/Library/Frameworks/UIKit.framework; sourceTree = SDKROOT; };
		0BE8817216BF155D008E9937 /* Foundation.framework */ = {isa = PBXFileReference; lastKnownFileType = wrapper.framework; name = Foundation.framework; path = System/Library/Frameworks/Foundation.framework; sourceTree = SDKROOT; };
		0BE8817416BF155D008E9937 /* CoreGraphics.framework */ = {isa = PBXFileReference; lastKnownFileType = wrapper.framework; name = CoreGraphics.framework; path = System/Library/Frameworks/CoreGraphics.framework; sourceTree = SDKROOT; };
		0BE8817816BF155D008E9937 /* AppfigurateExample-Info.plist */ = {isa = PBXFileReference; lastKnownFileType = text.plist.xml; path = "AppfigurateExample-Info.plist"; sourceTree = "<group>"; };
		0BE8817A16BF155D008E9937 /* en */ = {isa = PBXFileReference; lastKnownFileType = text.plist.strings; name = en; path = en.lproj/InfoPlist.strings; sourceTree = "<group>"; };
		0BE8817C16BF155D008E9937 /* main.m */ = {isa = PBXFileReference; lastKnownFileType = sourcecode.c.objc; path = main.m; sourceTree = "<group>"; };
		0BE8817F16BF155D008E9937 /* AppDelegate.h */ = {isa = PBXFileReference; lastKnownFileType = sourcecode.c.h; path = AppDelegate.h; sourceTree = "<group>"; };
		0BE8818016BF155D008E9937 /* AppDelegate.m */ = {isa = PBXFileReference; lastKnownFileType = sourcecode.c.objc; path = AppDelegate.m; sourceTree = "<group>"; };
		0BE8819716BF166E008E9937 /* ExampleConfiguration.h */ = {isa = PBXFileReference; fileEncoding = 4; lastKnownFileType = sourcecode.c.h; name = ExampleConfiguration.h; path = AppfigurateExample/ExampleConfiguration.h; sourceTree = "<group>"; };
		0BE8819816BF166E008E9937 /* ExampleConfiguration.m */ = {isa = PBXFileReference; fileEncoding = 4; lastKnownFileType = sourcecode.c.objc; name = ExampleConfiguration.m; path = AppfigurateExample/ExampleConfiguration.m; sourceTree = "<group>"; };
		7426AC821E300C5D0075A727 /* Images.xcassets */ = {isa = PBXFileReference; lastKnownFileType = folder.assetcatalog; name = Images.xcassets; path = "WatchExample (watchOS)/Images.xcassets"; sourceTree = SOURCE_ROOT; };
		742AA1541E6E2449003E178E /* AppfigurateExample (iOS).entitlements */ = {isa = PBXFileReference; lastKnownFileType = text.plist.entitlements; path = "AppfigurateExample (iOS).entitlements"; sourceTree = SOURCE_ROOT; };
		742AA1551E6E2476003E178E /* ActionExample Extension (iOS).entitlements */ = {isa = PBXFileReference; lastKnownFileType = text.plist.entitlements; path = "ActionExample Extension (iOS).entitlements"; sourceTree = SOURCE_ROOT; };
		743907B71FE9EA8A007BC161 /* AppfigurateExample.xcassets */ = {isa = PBXFileReference; lastKnownFileType = folder.assetcatalog; path = AppfigurateExample.xcassets; sourceTree = "<group>"; };
		743907B91FE9EB61007BC161 /* SwiftExample.xcassets */ = {isa = PBXFileReference; lastKnownFileType = folder.assetcatalog; path = SwiftExample.xcassets; sourceTree = "<group>"; };
		74437C941DDD5B71001A00C1 /* Launch.storyboard */ = {isa = PBXFileReference; fileEncoding = 4; lastKnownFileType = file.storyboard; path = Launch.storyboard; sourceTree = "<group>"; };
		744C5FAA1FEA02240090524E /* libAppfigurateLibrary.a */ = {isa = PBXFileReference; lastKnownFileType = archive.ar; name = libAppfigurateLibrary.a; path = ../AppfigurateLibrary/libAppfigurateLibrary.a; sourceTree = "<group>"; };
		744C5FAD1FEA02530090524E /* libAppfigurateWatchLibrary.a */ = {isa = PBXFileReference; lastKnownFileType = archive.ar; name = libAppfigurateWatchLibrary.a; path = ../AppfigurateLibrary/libAppfigurateWatchLibrary.a; sourceTree = "<group>"; };
		744C77A81FD5E92C00FBFE70 /* AppfigurateExampleUITests.m */ = {isa = PBXFileReference; fileEncoding = 4; lastKnownFileType = sourcecode.c.objc; path = AppfigurateExampleUITests.m; sourceTree = "<group>"; };
		744C77A91FD5E92C00FBFE70 /* Info.plist */ = {isa = PBXFileReference; fileEncoding = 4; lastKnownFileType = text.plist.xml; path = Info.plist; sourceTree = "<group>"; };
		748295AF1FD3EF3A0046D63A /* AppfigurateExampleUITests (iOS).xctest */ = {isa = PBXFileReference; explicitFileType = wrapper.cfbundle; includeInIndex = 0; path = "AppfigurateExampleUITests (iOS).xctest"; sourceTree = BUILT_PRODUCTS_DIR; };
		7484AB631F6F56CA000D66C3 /* ExampleConfiguration.swift */ = {isa = PBXFileReference; lastKnownFileType = sourcecode.swift; path = ExampleConfiguration.swift; sourceTree = "<group>"; };
		74C5228C1DFF7FA200691FFB /* Example.storyboard */ = {isa = PBXFileReference; fileEncoding = 4; lastKnownFileType = file.storyboard; path = Example.storyboard; sourceTree = "<group>"; };
		74C73BA91F6795110003B691 /* SwiftExample (iOS).app */ = {isa = PBXFileReference; explicitFileType = wrapper.application; includeInIndex = 0; path = "SwiftExample (iOS).app"; sourceTree = BUILT_PRODUCTS_DIR; };
		74C73BAB1F6795110003B691 /* AppDelegate.swift */ = {isa = PBXFileReference; lastKnownFileType = sourcecode.swift; path = AppDelegate.swift; sourceTree = "<group>"; };
		74C73BAD1F6795110003B691 /* SwiftExampleViewController.swift */ = {isa = PBXFileReference; lastKnownFileType = sourcecode.swift; path = SwiftExampleViewController.swift; sourceTree = "<group>"; };
		74C73BB51F6795110003B691 /* Base */ = {isa = PBXFileReference; lastKnownFileType = file.storyboard; name = Base; path = Base.lproj/LaunchScreen.storyboard; sourceTree = "<group>"; };
		74C73BB71F6795110003B691 /* Info.plist */ = {isa = PBXFileReference; lastKnownFileType = text.plist.xml; path = Info.plist; sourceTree = "<group>"; };
		74C73BBB1F6795550003B691 /* SwiftExample-Bridging-Header.h */ = {isa = PBXFileReference; lastKnownFileType = sourcecode.c.h; path = "SwiftExample-Bridging-Header.h"; sourceTree = "<group>"; };
		74C73BEA1F6798BB0003B691 /* SwiftExample.storyboard */ = {isa = PBXFileReference; fileEncoding = 4; lastKnownFileType = file.storyboard; path = SwiftExample.storyboard; sourceTree = "<group>"; };
		74D879941E6CEE620017E90C /* ActionExample Extension (iOS).appex */ = {isa = PBXFileReference; explicitFileType = "wrapper.app-extension"; includeInIndex = 0; path = "ActionExample Extension (iOS).appex"; sourceTree = BUILT_PRODUCTS_DIR; };
		74D879961E6CEE630017E90C /* ActionViewController.h */ = {isa = PBXFileReference; lastKnownFileType = sourcecode.c.h; path = ActionViewController.h; sourceTree = "<group>"; };
		74D879971E6CEE630017E90C /* ActionViewController.m */ = {isa = PBXFileReference; lastKnownFileType = sourcecode.c.objc; path = ActionViewController.m; sourceTree = "<group>"; };
		74D8799A1E6CEE630017E90C /* Base */ = {isa = PBXFileReference; lastKnownFileType = file.storyboard; name = Base; path = Base.lproj/MainInterface.storyboard; sourceTree = "<group>"; };
		74D8799C1E6CEE630017E90C /* Info.plist */ = {isa = PBXFileReference; lastKnownFileType = text.plist.xml; path = Info.plist; sourceTree = "<group>"; };
		74D879A81E6D03000017E90C /* Images.xcassets */ = {isa = PBXFileReference; lastKnownFileType = folder.assetcatalog; path = Images.xcassets; sourceTree = "<group>"; };
		74E4D6661E0B1DD300A8C046 /* WatchExample.app */ = {isa = PBXFileReference; explicitFileType = wrapper.application; includeInIndex = 0; path = WatchExample.app; sourceTree = BUILT_PRODUCTS_DIR; };
		74E4D6691E0B1DD300A8C046 /* Base */ = {isa = PBXFileReference; lastKnownFileType = file.storyboard; name = Base; path = Base.lproj/Interface.storyboard; sourceTree = "<group>"; };
		74E4D66D1E0B1DD300A8C046 /* Info.plist */ = {isa = PBXFileReference; lastKnownFileType = text.plist.xml; path = Info.plist; sourceTree = "<group>"; };
		74E4D6721E0B1DD300A8C046 /* WatchExampleExtension.appex */ = {isa = PBXFileReference; explicitFileType = "wrapper.app-extension"; includeInIndex = 0; path = WatchExampleExtension.appex; sourceTree = BUILT_PRODUCTS_DIR; };
		74E4D6771E0B1DD300A8C046 /* InterfaceController.h */ = {isa = PBXFileReference; lastKnownFileType = sourcecode.c.h; path = InterfaceController.h; sourceTree = "<group>"; };
		74E4D6781E0B1DD300A8C046 /* InterfaceController.m */ = {isa = PBXFileReference; lastKnownFileType = sourcecode.c.objc; path = InterfaceController.m; sourceTree = "<group>"; };
		74E4D67A1E0B1DD300A8C046 /* ExtensionDelegate.h */ = {isa = PBXFileReference; lastKnownFileType = sourcecode.c.h; path = ExtensionDelegate.h; sourceTree = "<group>"; };
		74E4D67B1E0B1DD300A8C046 /* ExtensionDelegate.m */ = {isa = PBXFileReference; lastKnownFileType = sourcecode.c.objc; path = ExtensionDelegate.m; sourceTree = "<group>"; };
		74E4D67D1E0B1DD300A8C046 /* Assets.xcassets */ = {isa = PBXFileReference; lastKnownFileType = folder.assetcatalog; path = Assets.xcassets; sourceTree = "<group>"; };
		74E4D67F1E0B1DD300A8C046 /* Info.plist */ = {isa = PBXFileReference; lastKnownFileType = text.plist.xml; path = Info.plist; sourceTree = "<group>"; };
		74E4D6B51E0B202700A8C046 /* ExampleRow.h */ = {isa = PBXFileReference; fileEncoding = 4; lastKnownFileType = sourcecode.c.h; path = ExampleRow.h; sourceTree = "<group>"; };
		74E4D6B61E0B202700A8C046 /* ExampleRow.m */ = {isa = PBXFileReference; fileEncoding = 4; lastKnownFileType = sourcecode.c.objc; path = ExampleRow.m; sourceTree = "<group>"; };
/* End PBXFileReference section */

/* Begin PBXFrameworksBuildPhase section */
		0BE8816A16BF155D008E9937 /* Frameworks */ = {
			isa = PBXFrameworksBuildPhase;
			buildActionMask = 2147483647;
			files = (
				744C5FAB1FEA02240090524E /* libAppfigurateLibrary.a in Frameworks */,
				0BE8817116BF155D008E9937 /* UIKit.framework in Frameworks */,
				0BE8817316BF155D008E9937 /* Foundation.framework in Frameworks */,
				0BE8817516BF155D008E9937 /* CoreGraphics.framework in Frameworks */,
				0B8CC9CE16BF2955008258CB /* Security.framework in Frameworks */,
			);
			runOnlyForDeploymentPostprocessing = 0;
		};
		748295AC1FD3EF3A0046D63A /* Frameworks */ = {
			isa = PBXFrameworksBuildPhase;
			buildActionMask = 2147483647;
			files = (
				744C5FAC1FEA02390090524E /* libAppfigurateLibrary.a in Frameworks */,
			);
			runOnlyForDeploymentPostprocessing = 0;
		};
		74C73BA61F6795110003B691 /* Frameworks */ = {
			isa = PBXFrameworksBuildPhase;
			buildActionMask = 2147483647;
			files = (
				744C5FB01FEA02750090524E /* libAppfigurateLibrary.a in Frameworks */,
			);
			runOnlyForDeploymentPostprocessing = 0;
		};
		74D879911E6CEE620017E90C /* Frameworks */ = {
			isa = PBXFrameworksBuildPhase;
			buildActionMask = 2147483647;
			files = (
				744C5FAF1FEA02630090524E /* libAppfigurateLibrary.a in Frameworks */,
			);
			runOnlyForDeploymentPostprocessing = 0;
		};
		74E4D66F1E0B1DD300A8C046 /* Frameworks */ = {
			isa = PBXFrameworksBuildPhase;
			buildActionMask = 2147483647;
			files = (
				744C5FAE1FEA02530090524E /* libAppfigurateWatchLibrary.a in Frameworks */,
			);
			runOnlyForDeploymentPostprocessing = 0;
		};
/* End PBXFrameworksBuildPhase section */

/* Begin PBXGroup section */
		0BE8816416BF155D008E9937 = {
			isa = PBXGroup;
			children = (
				74E4D6B81E0B222300A8C046 /* Common (iOS & watchOS) */,
				0BE8817616BF155D008E9937 /* AppfigurateExample (iOS) */,
				748295B01FD3EF3A0046D63A /* AppfigurateExampleUITests (iOS) */,
				74E4D6671E0B1DD300A8C046 /* WatchExample (watchOS) */,
				74E4D6761E0B1DD300A8C046 /* WatchExample Extension (watchOS) */,
				74D879951E6CEE630017E90C /* ActionExample Extension (iOS) */,
				74C73BAA1F6795110003B691 /* SwiftExample (iOS) */,
				0BE8816F16BF155D008E9937 /* Frameworks */,
				0BE8816E16BF155D008E9937 /* Products */,
			);
			sourceTree = "<group>";
		};
		0BE8816E16BF155D008E9937 /* Products */ = {
			isa = PBXGroup;
			children = (
				0BE8816D16BF155D008E9937 /* AppfigurateExample (iOS).app */,
				74E4D6661E0B1DD300A8C046 /* WatchExample.app */,
				74E4D6721E0B1DD300A8C046 /* WatchExampleExtension.appex */,
				74D879941E6CEE620017E90C /* ActionExample Extension (iOS).appex */,
				74C73BA91F6795110003B691 /* SwiftExample (iOS).app */,
				748295AF1FD3EF3A0046D63A /* AppfigurateExampleUITests (iOS).xctest */,
			);
			name = Products;
			sourceTree = "<group>";
		};
		0BE8816F16BF155D008E9937 /* Frameworks */ = {
			isa = PBXGroup;
			children = (
				744C5FAD1FEA02530090524E /* libAppfigurateWatchLibrary.a */,
				744C5FAA1FEA02240090524E /* libAppfigurateLibrary.a */,
				0B92D7A41717686200DAAFEC /* AdSupport.framework */,
				0B8CC9CD16BF2955008258CB /* Security.framework */,
				0BE8817016BF155D008E9937 /* UIKit.framework */,
				0BE8817216BF155D008E9937 /* Foundation.framework */,
				0BE8817416BF155D008E9937 /* CoreGraphics.framework */,
			);
			name = Frameworks;
			sourceTree = "<group>";
		};
		0BE8817616BF155D008E9937 /* AppfigurateExample (iOS) */ = {
			isa = PBXGroup;
			children = (
				0BE8817716BF155D008E9937 /* Supporting Files */,
				0BE8817F16BF155D008E9937 /* AppDelegate.h */,
				0BE8818016BF155D008E9937 /* AppDelegate.m */,
				0B6814E416C9C15500C379BC /* ExampleViewController.h */,
				0B6814E516C9C15500C379BC /* ExampleViewController.m */,
				74C5228C1DFF7FA200691FFB /* Example.storyboard */,
			);
			name = "AppfigurateExample (iOS)";
			path = AppfigurateExample;
			sourceTree = "<group>";
		};
		0BE8817716BF155D008E9937 /* Supporting Files */ = {
			isa = PBXGroup;
			children = (
				742AA1541E6E2449003E178E /* AppfigurateExample (iOS).entitlements */,
				0BE8817816BF155D008E9937 /* AppfigurateExample-Info.plist */,
				0BE8817916BF155D008E9937 /* InfoPlist.strings */,
				0BE8817C16BF155D008E9937 /* main.m */,
				74437C941DDD5B71001A00C1 /* Launch.storyboard */,
				743907B71FE9EA8A007BC161 /* AppfigurateExample.xcassets */,
			);
			name = "Supporting Files";
			sourceTree = "<group>";
		};
		744C77AD1FD5E94A00FBFE70 /* Supporting Files */ = {
			isa = PBXGroup;
			children = (
				744C77A91FD5E92C00FBFE70 /* Info.plist */,
			);
			name = "Supporting Files";
			sourceTree = "<group>";
		};
		748295B01FD3EF3A0046D63A /* AppfigurateExampleUITests (iOS) */ = {
			isa = PBXGroup;
			children = (
				744C77AD1FD5E94A00FBFE70 /* Supporting Files */,
				744C77A81FD5E92C00FBFE70 /* AppfigurateExampleUITests.m */,
			);
			name = "AppfigurateExampleUITests (iOS)";
			path = AppfigurateExampleUITests;
			sourceTree = "<group>";
		};
		74C73BAA1F6795110003B691 /* SwiftExample (iOS) */ = {
			isa = PBXGroup;
			children = (
				74C73BEC1F6798C80003B691 /* Supporting Files */,
				74C73BAB1F6795110003B691 /* AppDelegate.swift */,
				74C73BAD1F6795110003B691 /* SwiftExampleViewController.swift */,
				74C73BEA1F6798BB0003B691 /* SwiftExample.storyboard */,
				7484AB631F6F56CA000D66C3 /* ExampleConfiguration.swift */,
			);
			name = "SwiftExample (iOS)";
			path = SwiftExample;
			sourceTree = "<group>";
		};
		74C73BEC1F6798C80003B691 /* Supporting Files */ = {
			isa = PBXGroup;
			children = (
				74C73BB41F6795110003B691 /* LaunchScreen.storyboard */,
				74C73BB71F6795110003B691 /* Info.plist */,
				74C73BBB1F6795550003B691 /* SwiftExample-Bridging-Header.h */,
				743907B91FE9EB61007BC161 /* SwiftExample.xcassets */,
			);
			name = "Supporting Files";
			sourceTree = "<group>";
		};
		74D879951E6CEE630017E90C /* ActionExample Extension (iOS) */ = {
			isa = PBXGroup;
			children = (
				742AA1551E6E2476003E178E /* ActionExample Extension (iOS).entitlements */,
				74D879961E6CEE630017E90C /* ActionViewController.h */,
				74D879971E6CEE630017E90C /* ActionViewController.m */,
				74D879991E6CEE630017E90C /* MainInterface.storyboard */,
				74D8799C1E6CEE630017E90C /* Info.plist */,
				74D879A81E6D03000017E90C /* Images.xcassets */,
			);
			name = "ActionExample Extension (iOS)";
			path = ActionExample;
			sourceTree = "<group>";
		};
		74E4D6671E0B1DD300A8C046 /* WatchExample (watchOS) */ = {
			isa = PBXGroup;
			children = (
				74E4D6681E0B1DD300A8C046 /* Interface.storyboard */,
				74E4D66D1E0B1DD300A8C046 /* Info.plist */,
				7426AC821E300C5D0075A727 /* Images.xcassets */,
			);
			name = "WatchExample (watchOS)";
			path = WatchExample;
			sourceTree = "<group>";
		};
		74E4D6761E0B1DD300A8C046 /* WatchExample Extension (watchOS) */ = {
			isa = PBXGroup;
			children = (
				74EE68941E31B0120049DD57 /* Supporting Files */,
				74E4D6B51E0B202700A8C046 /* ExampleRow.h */,
				74E4D6B61E0B202700A8C046 /* ExampleRow.m */,
				74E4D6771E0B1DD300A8C046 /* InterfaceController.h */,
				74E4D6781E0B1DD300A8C046 /* InterfaceController.m */,
				74E4D67A1E0B1DD300A8C046 /* ExtensionDelegate.h */,
				74E4D67B1E0B1DD300A8C046 /* ExtensionDelegate.m */,
				74E4D67D1E0B1DD300A8C046 /* Assets.xcassets */,
			);
			name = "WatchExample Extension (watchOS)";
			path = "WatchExample Extension";
			sourceTree = "<group>";
		};
		74E4D6B81E0B222300A8C046 /* Common (iOS & watchOS) */ = {
			isa = PBXGroup;
			children = (
				0BE8819716BF166E008E9937 /* ExampleConfiguration.h */,
				0BE8819816BF166E008E9937 /* ExampleConfiguration.m */,
			);
			name = "Common (iOS & watchOS)";
			sourceTree = "<group>";
		};
		74EE68941E31B0120049DD57 /* Supporting Files */ = {
			isa = PBXGroup;
			children = (
				74E4D67F1E0B1DD300A8C046 /* Info.plist */,
			);
			name = "Supporting Files";
			sourceTree = "<group>";
		};
/* End PBXGroup section */

/* Begin PBXNativeTarget section */
		0BE8816C16BF155D008E9937 /* AppfigurateExample (iOS) */ = {
			isa = PBXNativeTarget;
			buildConfigurationList = 0BE8818A16BF155D008E9937 /* Build configuration list for PBXNativeTarget "AppfigurateExample (iOS)" */;
			buildPhases = (
				0BE8816916BF155D008E9937 /* Sources */,
				0BE8816A16BF155D008E9937 /* Frameworks */,
				0BE8816B16BF155D008E9937 /* Resources */,
				74E4D68A1E0B1DD300A8C046 /* Embed Watch Content */,
				74D879A31E6CEE630017E90C /* Embed App Extensions */,
			);
			buildRules = (
			);
			dependencies = (
				7476A72D1E2846AB00098D77 /* PBXTargetDependency */,
				74D8799E1E6CEE630017E90C /* PBXTargetDependency */,
			);
			name = "AppfigurateExample (iOS)";
			productName = AppfigurateExample;
			productReference = 0BE8816D16BF155D008E9937 /* AppfigurateExample (iOS).app */;
			productType = "com.apple.product-type.application";
		};
		748295AE1FD3EF3A0046D63A /* AppfigurateExampleUITests (iOS) */ = {
			isa = PBXNativeTarget;
			buildConfigurationList = 748295B61FD3EF3A0046D63A /* Build configuration list for PBXNativeTarget "AppfigurateExampleUITests (iOS)" */;
			buildPhases = (
				748295AB1FD3EF3A0046D63A /* Sources */,
				748295AC1FD3EF3A0046D63A /* Frameworks */,
				748295AD1FD3EF3A0046D63A /* Resources */,
			);
			buildRules = (
			);
			dependencies = (
				748295B51FD3EF3A0046D63A /* PBXTargetDependency */,
			);
			name = "AppfigurateExampleUITests (iOS)";
			productName = AppfigurateExampleUITests;
			productReference = 748295AF1FD3EF3A0046D63A /* AppfigurateExampleUITests (iOS).xctest */;
			productType = "com.apple.product-type.bundle.ui-testing";
		};
		74C73BA81F6795110003B691 /* SwiftExample (iOS) */ = {
			isa = PBXNativeTarget;
			buildConfigurationList = 74C73BB81F6795110003B691 /* Build configuration list for PBXNativeTarget "SwiftExample (iOS)" */;
			buildPhases = (
				74C73BA51F6795110003B691 /* Sources */,
				74C73BA61F6795110003B691 /* Frameworks */,
				74C73BA71F6795110003B691 /* Resources */,
			);
			buildRules = (
			);
			dependencies = (
			);
			name = "SwiftExample (iOS)";
			productName = SwiftExample;
			productReference = 74C73BA91F6795110003B691 /* SwiftExample (iOS).app */;
			productType = "com.apple.product-type.application";
		};
		74D879931E6CEE620017E90C /* ActionExample Extension (iOS) */ = {
			isa = PBXNativeTarget;
			buildConfigurationList = 74D879A21E6CEE630017E90C /* Build configuration list for PBXNativeTarget "ActionExample Extension (iOS)" */;
			buildPhases = (
				74D879901E6CEE620017E90C /* Sources */,
				74D879911E6CEE620017E90C /* Frameworks */,
				74D879921E6CEE620017E90C /* Resources */,
			);
			buildRules = (
			);
			dependencies = (
			);
			name = "ActionExample Extension (iOS)";
			productName = ActionExample;
			productReference = 74D879941E6CEE620017E90C /* ActionExample Extension (iOS).appex */;
			productType = "com.apple.product-type.app-extension";
		};
		74E4D6651E0B1DD300A8C046 /* WatchExample (watchOS) */ = {
			isa = PBXNativeTarget;
			buildConfigurationList = 74E4D6891E0B1DD300A8C046 /* Build configuration list for PBXNativeTarget "WatchExample (watchOS)" */;
			buildPhases = (
				74E4D6641E0B1DD300A8C046 /* Resources */,
				74E4D6881E0B1DD300A8C046 /* Embed App Extensions */,
			);
			buildRules = (
			);
			dependencies = (
				7476A72B1E2843AF00098D77 /* PBXTargetDependency */,
			);
			name = "WatchExample (watchOS)";
			productName = WatchExample;
			productReference = 74E4D6661E0B1DD300A8C046 /* WatchExample.app */;
			productType = "com.apple.product-type.application.watchapp2";
		};
		74E4D6711E0B1DD300A8C046 /* WatchExample Extension (watchOS) */ = {
			isa = PBXNativeTarget;
			buildConfigurationList = 74E4D6871E0B1DD300A8C046 /* Build configuration list for PBXNativeTarget "WatchExample Extension (watchOS)" */;
			buildPhases = (
				74E4D66E1E0B1DD300A8C046 /* Sources */,
				74E4D66F1E0B1DD300A8C046 /* Frameworks */,
				74E4D6701E0B1DD300A8C046 /* Resources */,
			);
			buildRules = (
			);
			dependencies = (
			);
			name = "WatchExample Extension (watchOS)";
			productName = "WatchExample Extension";
			productReference = 74E4D6721E0B1DD300A8C046 /* WatchExampleExtension.appex */;
			productType = "com.apple.product-type.watchkit2-extension";
		};
/* End PBXNativeTarget section */

/* Begin PBXProject section */
		0BE8816516BF155D008E9937 /* Project object */ = {
			isa = PBXProject;
			attributes = {
				LastSwiftUpdateCheck = 0910;
				LastUpgradeCheck = 0900;
				ORGANIZATIONNAME = "Electric Bolt Limited";
				TargetAttributes = {
					0BE8816C16BF155D008E9937 = {
						LastSwiftMigration = 0900;
						ProvisioningStyle = Manual;
						SystemCapabilities = {
							com.apple.Keychain = {
								enabled = 1;
							};
						};
					};
					748295AE1FD3EF3A0046D63A = {
						CreatedOnToolsVersion = 9.1;
						ProvisioningStyle = Manual;
						TestTargetID = 0BE8816C16BF155D008E9937;
					};
					74C73BA81F6795110003B691 = {
						CreatedOnToolsVersion = 8.3.3;
						ProvisioningStyle = Manual;
					};
					74D879931E6CEE620017E90C = {
						CreatedOnToolsVersion = 8.2.1;
						ProvisioningStyle = Manual;
						SystemCapabilities = {
							com.apple.Keychain = {
								enabled = 1;
							};
						};
					};
					74E4D6651E0B1DD300A8C046 = {
						CreatedOnToolsVersion = 8.2;
						ProvisioningStyle = Manual;
					};
					74E4D6711E0B1DD300A8C046 = {
						CreatedOnToolsVersion = 8.2;
						ProvisioningStyle = Manual;
					};
				};
			};
			buildConfigurationList = 0BE8816816BF155D008E9937 /* Build configuration list for PBXProject "AppfigurateExample" */;
			compatibilityVersion = "Xcode 3.2";
			developmentRegion = English;
			hasScannedForEncodings = 0;
			knownRegions = (
				en,
				Base,
			);
			mainGroup = 0BE8816416BF155D008E9937;
			productRefGroup = 0BE8816E16BF155D008E9937 /* Products */;
			projectDirPath = "";
			projectRoot = "";
			targets = (
				0BE8816C16BF155D008E9937 /* AppfigurateExample (iOS) */,
				748295AE1FD3EF3A0046D63A /* AppfigurateExampleUITests (iOS) */,
				74E4D6651E0B1DD300A8C046 /* WatchExample (watchOS) */,
				74E4D6711E0B1DD300A8C046 /* WatchExample Extension (watchOS) */,
				74D879931E6CEE620017E90C /* ActionExample Extension (iOS) */,
				74C73BA81F6795110003B691 /* SwiftExample (iOS) */,
			);
		};
/* End PBXProject section */

/* Begin PBXResourcesBuildPhase section */
		0BE8816B16BF155D008E9937 /* Resources */ = {
			isa = PBXResourcesBuildPhase;
			buildActionMask = 2147483647;
			files = (
				0BE8817B16BF155D008E9937 /* InfoPlist.strings in Resources */,
				74C5228D1DFF7FA200691FFB /* Example.storyboard in Resources */,
				743907B81FE9EA8A007BC161 /* AppfigurateExample.xcassets in Resources */,
				74437C951DDD5B71001A00C1 /* Launch.storyboard in Resources */,
			);
			runOnlyForDeploymentPostprocessing = 0;
		};
		748295AD1FD3EF3A0046D63A /* Resources */ = {
			isa = PBXResourcesBuildPhase;
			buildActionMask = 2147483647;
			files = (
			);
			runOnlyForDeploymentPostprocessing = 0;
		};
		74C73BA71F6795110003B691 /* Resources */ = {
			isa = PBXResourcesBuildPhase;
			buildActionMask = 2147483647;
			files = (
				743907BA1FE9EB61007BC161 /* SwiftExample.xcassets in Resources */,
				74C73BB61F6795110003B691 /* LaunchScreen.storyboard in Resources */,
				74C73BEE1F679D250003B691 /* SwiftExample.storyboard in Resources */,
			);
			runOnlyForDeploymentPostprocessing = 0;
		};
		74D879921E6CEE620017E90C /* Resources */ = {
			isa = PBXResourcesBuildPhase;
			buildActionMask = 2147483647;
			files = (
				74D879A91E6D03000017E90C /* Images.xcassets in Resources */,
				74D8799B1E6CEE630017E90C /* MainInterface.storyboard in Resources */,
			);
			runOnlyForDeploymentPostprocessing = 0;
		};
		74E4D6641E0B1DD300A8C046 /* Resources */ = {
			isa = PBXResourcesBuildPhase;
			buildActionMask = 2147483647;
			files = (
				7426AC831E300C5D0075A727 /* Images.xcassets in Resources */,
				74E4D66A1E0B1DD300A8C046 /* Interface.storyboard in Resources */,
			);
			runOnlyForDeploymentPostprocessing = 0;
		};
		74E4D6701E0B1DD300A8C046 /* Resources */ = {
			isa = PBXResourcesBuildPhase;
			buildActionMask = 2147483647;
			files = (
				74E4D67E1E0B1DD300A8C046 /* Assets.xcassets in Resources */,
			);
			runOnlyForDeploymentPostprocessing = 0;
		};
/* End PBXResourcesBuildPhase section */

/* Begin PBXSourcesBuildPhase section */
		0BE8816916BF155D008E9937 /* Sources */ = {
			isa = PBXSourcesBuildPhase;
			buildActionMask = 2147483647;
			files = (
				74081A861F5A918200D3024C /* AppDelegate.m in Sources */,
				0BE8817D16BF155D008E9937 /* main.m in Sources */,
				0BE8819916BF166E008E9937 /* ExampleConfiguration.m in Sources */,
				0B6814E716C9C15500C379BC /* ExampleViewController.m in Sources */,
			);
			runOnlyForDeploymentPostprocessing = 0;
		};
		748295AB1FD3EF3A0046D63A /* Sources */ = {
			isa = PBXSourcesBuildPhase;
			buildActionMask = 2147483647;
			files = (
				748295B91FD3EFB40046D63A /* ExampleConfiguration.m in Sources */,
				740349A11FD5E9F000C9AD60 /* AppfigurateExampleUITests.m in Sources */,
			);
			runOnlyForDeploymentPostprocessing = 0;
		};
		74C73BA51F6795110003B691 /* Sources */ = {
			isa = PBXSourcesBuildPhase;
			buildActionMask = 2147483647;
			files = (
				7401ED001F6F78F4001AE129 /* ExampleConfiguration.swift in Sources */,
				74C73BAE1F6795110003B691 /* SwiftExampleViewController.swift in Sources */,
				74C73BAC1F6795110003B691 /* AppDelegate.swift in Sources */,
			);
			runOnlyForDeploymentPostprocessing = 0;
		};
		74D879901E6CEE620017E90C /* Sources */ = {
			isa = PBXSourcesBuildPhase;
			buildActionMask = 2147483647;
			files = (
				74D879981E6CEE630017E90C /* ActionViewController.m in Sources */,
				74D879A61E6CEFDD0017E90C /* ExampleConfiguration.m in Sources */,
			);
			runOnlyForDeploymentPostprocessing = 0;
		};
		74E4D66E1E0B1DD300A8C046 /* Sources */ = {
			isa = PBXSourcesBuildPhase;
			buildActionMask = 2147483647;
			files = (
				74E4D67C1E0B1DD300A8C046 /* ExtensionDelegate.m in Sources */,
				74E4D6B91E0B223800A8C046 /* ExampleConfiguration.m in Sources */,
				74E4D6B71E0B202700A8C046 /* ExampleRow.m in Sources */,
				74E4D6791E0B1DD300A8C046 /* InterfaceController.m in Sources */,
			);
			runOnlyForDeploymentPostprocessing = 0;
		};
/* End PBXSourcesBuildPhase section */

/* Begin PBXTargetDependency section */
		7476A72B1E2843AF00098D77 /* PBXTargetDependency */ = {
			isa = PBXTargetDependency;
			target = 74E4D6711E0B1DD300A8C046 /* WatchExample Extension (watchOS) */;
			targetProxy = 7476A72A1E2843AF00098D77 /* PBXContainerItemProxy */;
		};
		7476A72D1E2846AB00098D77 /* PBXTargetDependency */ = {
			isa = PBXTargetDependency;
			target = 74E4D6651E0B1DD300A8C046 /* WatchExample (watchOS) */;
			targetProxy = 7476A72C1E2846AB00098D77 /* PBXContainerItemProxy */;
		};
		748295B51FD3EF3A0046D63A /* PBXTargetDependency */ = {
			isa = PBXTargetDependency;
			target = 0BE8816C16BF155D008E9937 /* AppfigurateExample (iOS) */;
			targetProxy = 748295B41FD3EF3A0046D63A /* PBXContainerItemProxy */;
		};
		74D8799E1E6CEE630017E90C /* PBXTargetDependency */ = {
			isa = PBXTargetDependency;
			target = 74D879931E6CEE620017E90C /* ActionExample Extension (iOS) */;
			targetProxy = 74D8799D1E6CEE630017E90C /* PBXContainerItemProxy */;
		};
/* End PBXTargetDependency section */

/* Begin PBXVariantGroup section */
		0BE8817916BF155D008E9937 /* InfoPlist.strings */ = {
			isa = PBXVariantGroup;
			children = (
				0BE8817A16BF155D008E9937 /* en */,
			);
			name = InfoPlist.strings;
			sourceTree = "<group>";
		};
		74C73BB41F6795110003B691 /* LaunchScreen.storyboard */ = {
			isa = PBXVariantGroup;
			children = (
				74C73BB51F6795110003B691 /* Base */,
			);
			name = LaunchScreen.storyboard;
			sourceTree = "<group>";
		};
		74D879991E6CEE630017E90C /* MainInterface.storyboard */ = {
			isa = PBXVariantGroup;
			children = (
				74D8799A1E6CEE630017E90C /* Base */,
			);
			name = MainInterface.storyboard;
			sourceTree = "<group>";
		};
		74E4D6681E0B1DD300A8C046 /* Interface.storyboard */ = {
			isa = PBXVariantGroup;
			children = (
				74E4D6691E0B1DD300A8C046 /* Base */,
			);
			name = Interface.storyboard;
			sourceTree = "<group>";
		};
/* End PBXVariantGroup section */

/* Begin XCBuildConfiguration section */
		0BE8818816BF155D008E9937 /* Debug */ = {
			isa = XCBuildConfiguration;
			buildSettings = {
				ALWAYS_SEARCH_USER_PATHS = NO;
				CLANG_CXX_LANGUAGE_STANDARD = "gnu++0x";
				CLANG_CXX_LIBRARY = "libc++";
				CLANG_ENABLE_MODULES = YES;
				CLANG_WARN_BLOCK_CAPTURE_AUTORELEASING = YES;
				CLANG_WARN_BOOL_CONVERSION = YES;
				CLANG_WARN_COMMA = YES;
				CLANG_WARN_CONSTANT_CONVERSION = YES;
				CLANG_WARN_EMPTY_BODY = YES;
				CLANG_WARN_ENUM_CONVERSION = YES;
				CLANG_WARN_INFINITE_RECURSION = YES;
				CLANG_WARN_INT_CONVERSION = YES;
				CLANG_WARN_NON_LITERAL_NULL_CONVERSION = YES;
				CLANG_WARN_OBJC_LITERAL_CONVERSION = YES;
				CLANG_WARN_RANGE_LOOP_ANALYSIS = YES;
				CLANG_WARN_STRICT_PROTOTYPES = YES;
				CLANG_WARN_SUSPICIOUS_MOVE = YES;
				CLANG_WARN_UNREACHABLE_CODE = YES;
				CLANG_WARN__DUPLICATE_METHOD_MATCH = YES;
				"CODE_SIGN_IDENTITY[sdk=iphoneos*]" = "iPhone Developer";
				COPY_PHASE_STRIP = NO;
				ENABLE_STRICT_OBJC_MSGSEND = YES;
				ENABLE_TESTABILITY = YES;
				GCC_C_LANGUAGE_STANDARD = gnu99;
				GCC_DYNAMIC_NO_PIC = NO;
				GCC_NO_COMMON_BLOCKS = YES;
				GCC_OPTIMIZATION_LEVEL = 0;
				GCC_PREPROCESSOR_DEFINITIONS = (
					"DEBUG=1",
					"$(inherited)",
				);
				GCC_SYMBOLS_PRIVATE_EXTERN = NO;
				GCC_WARN_64_TO_32_BIT_CONVERSION = YES;
				GCC_WARN_ABOUT_RETURN_TYPE = YES;
				GCC_WARN_UNDECLARED_SELECTOR = YES;
				GCC_WARN_UNINITIALIZED_AUTOS = YES;
				GCC_WARN_UNUSED_FUNCTION = YES;
				GCC_WARN_UNUSED_VARIABLE = YES;
				HEADER_SEARCH_PATHS = "../AppfigurateLibrary/**";
				IPHONEOS_DEPLOYMENT_TARGET = 8.0;
				LIBRARY_SEARCH_PATHS = "../AppfigurateLibrary/**";
				ONLY_ACTIVE_ARCH = YES;
				SDKROOT = iphoneos;
			};
			name = Debug;
		};
		0BE8818916BF155D008E9937 /* Release */ = {
			isa = XCBuildConfiguration;
			buildSettings = {
				ALWAYS_SEARCH_USER_PATHS = NO;
				CLANG_CXX_LANGUAGE_STANDARD = "gnu++0x";
				CLANG_CXX_LIBRARY = "libc++";
				CLANG_ENABLE_MODULES = YES;
				CLANG_WARN_BLOCK_CAPTURE_AUTORELEASING = YES;
				CLANG_WARN_BOOL_CONVERSION = YES;
				CLANG_WARN_COMMA = YES;
				CLANG_WARN_CONSTANT_CONVERSION = YES;
				CLANG_WARN_EMPTY_BODY = YES;
				CLANG_WARN_ENUM_CONVERSION = YES;
				CLANG_WARN_INFINITE_RECURSION = YES;
				CLANG_WARN_INT_CONVERSION = YES;
				CLANG_WARN_NON_LITERAL_NULL_CONVERSION = YES;
				CLANG_WARN_OBJC_LITERAL_CONVERSION = YES;
				CLANG_WARN_RANGE_LOOP_ANALYSIS = YES;
				CLANG_WARN_STRICT_PROTOTYPES = YES;
				CLANG_WARN_SUSPICIOUS_MOVE = YES;
				CLANG_WARN_UNREACHABLE_CODE = YES;
				CLANG_WARN__DUPLICATE_METHOD_MATCH = YES;
				"CODE_SIGN_IDENTITY[sdk=iphoneos*]" = "iPhone Developer";
				COPY_PHASE_STRIP = YES;
				ENABLE_STRICT_OBJC_MSGSEND = YES;
				GCC_C_LANGUAGE_STANDARD = gnu99;
				GCC_NO_COMMON_BLOCKS = YES;
				GCC_WARN_64_TO_32_BIT_CONVERSION = YES;
				GCC_WARN_ABOUT_RETURN_TYPE = YES;
				GCC_WARN_UNDECLARED_SELECTOR = YES;
				GCC_WARN_UNINITIALIZED_AUTOS = YES;
				GCC_WARN_UNUSED_FUNCTION = YES;
				GCC_WARN_UNUSED_VARIABLE = YES;
				HEADER_SEARCH_PATHS = "../AppfigurateLibrary/**";
				IPHONEOS_DEPLOYMENT_TARGET = 8.0;
				LIBRARY_SEARCH_PATHS = "../AppfigurateLibrary/**";
				OTHER_CFLAGS = "-DNS_BLOCK_ASSERTIONS=1";
				SDKROOT = iphoneos;
				SWIFT_OPTIMIZATION_LEVEL = "-Owholemodule";
				VALIDATE_PRODUCT = YES;
			};
			name = Release;
		};
		0BE8818B16BF155D008E9937 /* Debug */ = {
			isa = XCBuildConfiguration;
			buildSettings = {
				ASSETCATALOG_COMPILER_APPICON_NAME = AppfigurateExampleAppIcon;
				CLANG_ENABLE_MODULES = YES;
				CLANG_ENABLE_OBJC_ARC = YES;
				CODE_SIGN_ENTITLEMENTS = "AppfigurateExample (iOS).entitlements";
				"CODE_SIGN_IDENTITY[sdk=iphoneos*]" = "iPhone Developer";
				CODE_SIGN_STYLE = Automatic;
				DEVELOPMENT_TEAM = "";
				INFOPLIST_FILE = "AppfigurateExample/AppfigurateExample-Info.plist";
				IPHONEOS_DEPLOYMENT_TARGET = 8.0;
				LD_RUNPATH_SEARCH_PATHS = "$(inherited) @executable_path/Frameworks";
				PRODUCT_BUNDLE_IDENTIFIER = nz.co.electricbolt.appfigurateexample;
				PRODUCT_NAME = "$(TARGET_NAME)";
				PROVISIONING_PROFILE = "";
				PROVISIONING_PROFILE_SPECIFIER = "";
				SWIFT_OPTIMIZATION_LEVEL = "-Onone";
				SWIFT_VERSION = 3.0;
				TARGETED_DEVICE_FAMILY = "1,2";
				WRAPPER_EXTENSION = app;
			};
			name = Debug;
		};
		0BE8818C16BF155D008E9937 /* Release */ = {
			isa = XCBuildConfiguration;
			buildSettings = {
				ASSETCATALOG_COMPILER_APPICON_NAME = AppfigurateExampleAppIcon;
				CLANG_ENABLE_MODULES = YES;
				CLANG_ENABLE_OBJC_ARC = YES;
				CODE_SIGN_ENTITLEMENTS = "AppfigurateExample (iOS).entitlements";
				"CODE_SIGN_IDENTITY[sdk=iphoneos*]" = "iPhone Developer";
				CODE_SIGN_STYLE = Automatic;
				DEVELOPMENT_TEAM = "";
				INFOPLIST_FILE = "AppfigurateExample/AppfigurateExample-Info.plist";
				IPHONEOS_DEPLOYMENT_TARGET = 8.0;
				LD_RUNPATH_SEARCH_PATHS = "$(inherited) @executable_path/Frameworks";
				PRODUCT_BUNDLE_IDENTIFIER = nz.co.electricbolt.appfigurateexample;
				PRODUCT_NAME = "$(TARGET_NAME)";
				PROVISIONING_PROFILE = "";
				PROVISIONING_PROFILE_SPECIFIER = "";
				SWIFT_VERSION = 3.0;
				TARGETED_DEVICE_FAMILY = "1,2";
				WRAPPER_EXTENSION = app;
			};
			name = Release;
		};
		748295B71FD3EF3A0046D63A /* Debug */ = {
			isa = XCBuildConfiguration;
			buildSettings = {
				CLANG_ANALYZER_NONNULL = YES;
				CLANG_ANALYZER_NUMBER_OBJECT_CONVERSION = YES_AGGRESSIVE;
				CLANG_CXX_LANGUAGE_STANDARD = "gnu++14";
				CLANG_ENABLE_OBJC_ARC = YES;
				CLANG_WARN_DIRECT_OBJC_ISA_USAGE = YES_ERROR;
				CLANG_WARN_DOCUMENTATION_COMMENTS = YES;
				CLANG_WARN_OBJC_ROOT_CLASS = YES_ERROR;
				CLANG_WARN_UNGUARDED_AVAILABILITY = YES_AGGRESSIVE;
				CODE_SIGN_IDENTITY = "iPhone Developer";
				CODE_SIGN_STYLE = Automatic;
				DEBUG_INFORMATION_FORMAT = dwarf;
				DEVELOPMENT_TEAM = "";
				GCC_C_LANGUAGE_STANDARD = gnu11;
				GCC_WARN_ABOUT_RETURN_TYPE = YES_ERROR;
				GCC_WARN_UNINITIALIZED_AUTOS = YES_AGGRESSIVE;
				INFOPLIST_FILE = AppfigurateExampleUITests/Info.plist;
				IPHONEOS_DEPLOYMENT_TARGET = 10.3;
				LD_RUNPATH_SEARCH_PATHS = "$(inherited) @executable_path/Frameworks @loader_path/Frameworks";
				MTL_ENABLE_DEBUG_INFO = YES;
				PRODUCT_BUNDLE_IDENTIFIER = nz.co.electricbolt.AppfigurateExampleUITests;
				PRODUCT_NAME = "$(TARGET_NAME)";
				PROVISIONING_PROFILE_SPECIFIER = "";
				TARGETED_DEVICE_FAMILY = "1,2";
				TEST_TARGET_NAME = "AppfigurateExample (iOS)";
			};
			name = Debug;
		};
		748295B81FD3EF3A0046D63A /* Release */ = {
			isa = XCBuildConfiguration;
			buildSettings = {
				CLANG_ANALYZER_NONNULL = YES;
				CLANG_ANALYZER_NUMBER_OBJECT_CONVERSION = YES_AGGRESSIVE;
				CLANG_CXX_LANGUAGE_STANDARD = "gnu++14";
				CLANG_ENABLE_OBJC_ARC = YES;
				CLANG_WARN_DIRECT_OBJC_ISA_USAGE = YES_ERROR;
				CLANG_WARN_DOCUMENTATION_COMMENTS = YES;
				CLANG_WARN_OBJC_ROOT_CLASS = YES_ERROR;
				CLANG_WARN_UNGUARDED_AVAILABILITY = YES_AGGRESSIVE;
				CODE_SIGN_IDENTITY = "iPhone Developer";
				CODE_SIGN_STYLE = Automatic;
				COPY_PHASE_STRIP = NO;
				DEBUG_INFORMATION_FORMAT = "dwarf-with-dsym";
				DEVELOPMENT_TEAM = "";
				ENABLE_NS_ASSERTIONS = NO;
				GCC_C_LANGUAGE_STANDARD = gnu11;
				GCC_WARN_ABOUT_RETURN_TYPE = YES_ERROR;
				GCC_WARN_UNINITIALIZED_AUTOS = YES_AGGRESSIVE;
				INFOPLIST_FILE = AppfigurateExampleUITests/Info.plist;
				IPHONEOS_DEPLOYMENT_TARGET = 10.3;
				LD_RUNPATH_SEARCH_PATHS = "$(inherited) @executable_path/Frameworks @loader_path/Frameworks";
				MTL_ENABLE_DEBUG_INFO = NO;
				PRODUCT_BUNDLE_IDENTIFIER = nz.co.electricbolt.AppfigurateExampleUITests;
				PRODUCT_NAME = "$(TARGET_NAME)";
				PROVISIONING_PROFILE_SPECIFIER = "";
				TARGETED_DEVICE_FAMILY = "1,2";
				TEST_TARGET_NAME = "AppfigurateExample (iOS)";
			};
			name = Release;
		};
		74C73BB91F6795110003B691 /* Debug */ = {
			isa = XCBuildConfiguration;
			buildSettings = {
				ASSETCATALOG_COMPILER_APPICON_NAME = SwiftExampleAppIcon;
				CLANG_ANALYZER_NONNULL = YES;
				CLANG_ANALYZER_NUMBER_OBJECT_CONVERSION = YES_AGGRESSIVE;
				CLANG_ENABLE_OBJC_ARC = YES;
				CLANG_WARN_DIRECT_OBJC_ISA_USAGE = YES_ERROR;
				CLANG_WARN_DOCUMENTATION_COMMENTS = YES;
				CLANG_WARN_OBJC_ROOT_CLASS = YES_ERROR;
				"CODE_SIGN_IDENTITY[sdk=iphoneos*]" = "iPhone Developer";
				CODE_SIGN_STYLE = Automatic;
				DEBUG_INFORMATION_FORMAT = dwarf;
				DEVELOPMENT_TEAM = "";
				GCC_WARN_ABOUT_RETURN_TYPE = YES_ERROR;
				GCC_WARN_UNINITIALIZED_AUTOS = YES_AGGRESSIVE;
				INFOPLIST_FILE = SwiftExample/Info.plist;
				IPHONEOS_DEPLOYMENT_TARGET = 8.0;
				LD_RUNPATH_SEARCH_PATHS = "$(inherited) @executable_path/Frameworks";
				MTL_ENABLE_DEBUG_INFO = YES;
				PRODUCT_BUNDLE_IDENTIFIER = nz.co.electricbolt.SwiftExample;
				PRODUCT_NAME = "$(TARGET_NAME)";
				PROVISIONING_PROFILE_SPECIFIER = "";
				SWIFT_ACTIVE_COMPILATION_CONDITIONS = DEBUG;
				SWIFT_OBJC_BRIDGING_HEADER = "SwiftExample/SwiftExample-Bridging-Header.h";
				SWIFT_OPTIMIZATION_LEVEL = "-Onone";
				SWIFT_VERSION = 3.0;
				TARGETED_DEVICE_FAMILY = "1,2";
			};
			name = Debug;
		};
		74C73BBA1F6795110003B691 /* Release */ = {
			isa = XCBuildConfiguration;
			buildSettings = {
				ASSETCATALOG_COMPILER_APPICON_NAME = SwiftExampleAppIcon;
				CLANG_ANALYZER_NONNULL = YES;
				CLANG_ANALYZER_NUMBER_OBJECT_CONVERSION = YES_AGGRESSIVE;
				CLANG_ENABLE_OBJC_ARC = YES;
				CLANG_WARN_DIRECT_OBJC_ISA_USAGE = YES_ERROR;
				CLANG_WARN_DOCUMENTATION_COMMENTS = YES;
				CLANG_WARN_OBJC_ROOT_CLASS = YES_ERROR;
				"CODE_SIGN_IDENTITY[sdk=iphoneos*]" = "iPhone Developer";
				CODE_SIGN_STYLE = Automatic;
				COPY_PHASE_STRIP = NO;
				DEBUG_INFORMATION_FORMAT = "dwarf-with-dsym";
				DEVELOPMENT_TEAM = "";
				ENABLE_NS_ASSERTIONS = NO;
				GCC_WARN_ABOUT_RETURN_TYPE = YES_ERROR;
				GCC_WARN_UNINITIALIZED_AUTOS = YES_AGGRESSIVE;
				INFOPLIST_FILE = SwiftExample/Info.plist;
				IPHONEOS_DEPLOYMENT_TARGET = 8.0;
				LD_RUNPATH_SEARCH_PATHS = "$(inherited) @executable_path/Frameworks";
				MTL_ENABLE_DEBUG_INFO = NO;
				PRODUCT_BUNDLE_IDENTIFIER = nz.co.electricbolt.SwiftExample;
				PRODUCT_NAME = "$(TARGET_NAME)";
				PROVISIONING_PROFILE_SPECIFIER = "";
				SWIFT_OBJC_BRIDGING_HEADER = "SwiftExample/SwiftExample-Bridging-Header.h";
				SWIFT_OPTIMIZATION_LEVEL = "-Owholemodule";
				SWIFT_VERSION = 3.0;
				TARGETED_DEVICE_FAMILY = "1,2";
			};
			name = Release;
		};
		74D879A01E6CEE630017E90C /* Debug */ = {
			isa = XCBuildConfiguration;
			buildSettings = {
				ASSETCATALOG_COMPILER_APPICON_NAME = AppIcon;
				CLANG_ANALYZER_NONNULL = YES;
				CLANG_ENABLE_OBJC_ARC = YES;
				CLANG_WARN_DIRECT_OBJC_ISA_USAGE = YES_ERROR;
				CLANG_WARN_DOCUMENTATION_COMMENTS = YES;
				CLANG_WARN_OBJC_ROOT_CLASS = YES_ERROR;
				CODE_SIGN_ENTITLEMENTS = "ActionExample Extension (iOS).entitlements";
				"CODE_SIGN_IDENTITY[sdk=iphoneos*]" = "iPhone Developer";
				CODE_SIGN_STYLE = Automatic;
				DEBUG_INFORMATION_FORMAT = dwarf;
				DEVELOPMENT_TEAM = "";
				GCC_WARN_ABOUT_RETURN_TYPE = YES_ERROR;
				GCC_WARN_UNINITIALIZED_AUTOS = YES_AGGRESSIVE;
				INFOPLIST_FILE = ActionExample/Info.plist;
				IPHONEOS_DEPLOYMENT_TARGET = 8.0;
				LD_RUNPATH_SEARCH_PATHS = "$(inherited) @executable_path/Frameworks @executable_path/../../Frameworks";
				MTL_ENABLE_DEBUG_INFO = YES;
				PRODUCT_BUNDLE_IDENTIFIER = nz.co.electricbolt.appfigurateexample.ActionExample;
				PRODUCT_NAME = "$(TARGET_NAME)";
				PROVISIONING_PROFILE = "";
				PROVISIONING_PROFILE_SPECIFIER = "";
				SKIP_INSTALL = YES;
			};
			name = Debug;
		};
		74D879A11E6CEE630017E90C /* Release */ = {
			isa = XCBuildConfiguration;
			buildSettings = {
				ASSETCATALOG_COMPILER_APPICON_NAME = AppIcon;
				CLANG_ANALYZER_NONNULL = YES;
				CLANG_ENABLE_OBJC_ARC = YES;
				CLANG_WARN_DIRECT_OBJC_ISA_USAGE = YES_ERROR;
				CLANG_WARN_DOCUMENTATION_COMMENTS = YES;
				CLANG_WARN_OBJC_ROOT_CLASS = YES_ERROR;
				CODE_SIGN_ENTITLEMENTS = "ActionExample Extension (iOS).entitlements";
				"CODE_SIGN_IDENTITY[sdk=iphoneos*]" = "iPhone Developer";
				CODE_SIGN_STYLE = Automatic;
				COPY_PHASE_STRIP = NO;
				DEBUG_INFORMATION_FORMAT = "dwarf-with-dsym";
				DEVELOPMENT_TEAM = "";
				ENABLE_NS_ASSERTIONS = NO;
				GCC_WARN_ABOUT_RETURN_TYPE = YES_ERROR;
				GCC_WARN_UNINITIALIZED_AUTOS = YES_AGGRESSIVE;
				INFOPLIST_FILE = ActionExample/Info.plist;
				IPHONEOS_DEPLOYMENT_TARGET = 8.0;
				LD_RUNPATH_SEARCH_PATHS = "$(inherited) @executable_path/Frameworks @executable_path/../../Frameworks";
				MTL_ENABLE_DEBUG_INFO = NO;
				PRODUCT_BUNDLE_IDENTIFIER = nz.co.electricbolt.appfigurateexample.ActionExample;
				PRODUCT_NAME = "$(TARGET_NAME)";
				PROVISIONING_PROFILE = "";
				PROVISIONING_PROFILE_SPECIFIER = "";
				SKIP_INSTALL = YES;
			};
			name = Release;
		};
		74E4D6831E0B1DD300A8C046 /* Debug */ = {
			isa = XCBuildConfiguration;
			buildSettings = {
				ASSETCATALOG_COMPILER_APPICON_NAME = WatchExampleAppIcon;
				CLANG_ANALYZER_NONNULL = YES;
				CLANG_ENABLE_OBJC_ARC = YES;
				CLANG_WARN_DIRECT_OBJC_ISA_USAGE = YES_ERROR;
				CLANG_WARN_DOCUMENTATION_COMMENTS = YES;
				CLANG_WARN_OBJC_ROOT_CLASS = YES_ERROR;
				"CODE_SIGN_IDENTITY[sdk=watchos*]" = "iPhone Developer";
				CODE_SIGN_STYLE = Automatic;
				DEBUG_INFORMATION_FORMAT = dwarf;
				DEVELOPMENT_TEAM = "";
				GCC_WARN_ABOUT_RETURN_TYPE = YES_ERROR;
				GCC_WARN_UNINITIALIZED_AUTOS = YES_AGGRESSIVE;
				IBSC_MODULE = WatchExample_Extension;
				INFOPLIST_FILE = WatchExample/Info.plist;
				MTL_ENABLE_DEBUG_INFO = YES;
				PRODUCT_BUNDLE_IDENTIFIER = nz.co.electricbolt.appfigurateexample.watchkitapp;
				PRODUCT_NAME = WatchExample;
				PROVISIONING_PROFILE = "";
				PROVISIONING_PROFILE_SPECIFIER = "";
				SDKROOT = watchos;
				SKIP_INSTALL = YES;
				TARGETED_DEVICE_FAMILY = 4;
				WATCHOS_DEPLOYMENT_TARGET = 2.0;
			};
			name = Debug;
		};
		74E4D6841E0B1DD300A8C046 /* Release */ = {
			isa = XCBuildConfiguration;
			buildSettings = {
				ASSETCATALOG_COMPILER_APPICON_NAME = WatchExampleAppIcon;
				CLANG_ANALYZER_NONNULL = YES;
				CLANG_ENABLE_OBJC_ARC = YES;
				CLANG_WARN_DIRECT_OBJC_ISA_USAGE = YES_ERROR;
				CLANG_WARN_DOCUMENTATION_COMMENTS = YES;
				CLANG_WARN_OBJC_ROOT_CLASS = YES_ERROR;
				"CODE_SIGN_IDENTITY[sdk=watchos*]" = "iPhone Developer";
				CODE_SIGN_STYLE = Automatic;
				COPY_PHASE_STRIP = NO;
				DEBUG_INFORMATION_FORMAT = "dwarf-with-dsym";
				DEVELOPMENT_TEAM = "";
				ENABLE_NS_ASSERTIONS = NO;
				GCC_WARN_ABOUT_RETURN_TYPE = YES_ERROR;
				GCC_WARN_UNINITIALIZED_AUTOS = YES_AGGRESSIVE;
				IBSC_MODULE = WatchExample_Extension;
				INFOPLIST_FILE = WatchExample/Info.plist;
				MTL_ENABLE_DEBUG_INFO = NO;
				PRODUCT_BUNDLE_IDENTIFIER = nz.co.electricbolt.appfigurateexample.watchkitapp;
				PRODUCT_NAME = WatchExample;
				PROVISIONING_PROFILE = "";
				PROVISIONING_PROFILE_SPECIFIER = "";
				SDKROOT = watchos;
				SKIP_INSTALL = YES;
				TARGETED_DEVICE_FAMILY = 4;
				WATCHOS_DEPLOYMENT_TARGET = 2.0;
			};
			name = Release;
		};
		74E4D6851E0B1DD300A8C046 /* Debug */ = {
			isa = XCBuildConfiguration;
			buildSettings = {
				ASSETCATALOG_COMPILER_COMPLICATION_NAME = Complication;
				CLANG_ANALYZER_NONNULL = YES;
				CLANG_ENABLE_OBJC_ARC = YES;
				CLANG_WARN_DIRECT_OBJC_ISA_USAGE = YES_ERROR;
				CLANG_WARN_DOCUMENTATION_COMMENTS = YES;
				CLANG_WARN_OBJC_ROOT_CLASS = YES_ERROR;
				"CODE_SIGN_IDENTITY[sdk=watchos*]" = "iPhone Developer";
				CODE_SIGN_STYLE = Automatic;
				DEBUG_INFORMATION_FORMAT = dwarf;
				DEVELOPMENT_TEAM = "";
				GCC_WARN_ABOUT_RETURN_TYPE = YES_ERROR;
				GCC_WARN_UNINITIALIZED_AUTOS = YES_AGGRESSIVE;
				INFOPLIST_FILE = "WatchExample Extension/Info.plist";
				LD_RUNPATH_SEARCH_PATHS = "$(inherited) @executable_path/Frameworks @executable_path/../../Frameworks";
				MTL_ENABLE_DEBUG_INFO = YES;
				PRODUCT_BUNDLE_IDENTIFIER = nz.co.electricbolt.appfigurateexample.watchkitapp.watchkitextension;
				PRODUCT_NAME = WatchExampleExtension;
				PROVISIONING_PROFILE = "";
				PROVISIONING_PROFILE_SPECIFIER = "";
				SDKROOT = watchos;
				SKIP_INSTALL = YES;
				TARGETED_DEVICE_FAMILY = 4;
				WATCHOS_DEPLOYMENT_TARGET = 2.0;
			};
			name = Debug;
		};
		74E4D6861E0B1DD300A8C046 /* Release */ = {
			isa = XCBuildConfiguration;
			buildSettings = {
				ASSETCATALOG_COMPILER_COMPLICATION_NAME = Complication;
				CLANG_ANALYZER_NONNULL = YES;
				CLANG_ENABLE_OBJC_ARC = YES;
				CLANG_WARN_DIRECT_OBJC_ISA_USAGE = YES_ERROR;
				CLANG_WARN_DOCUMENTATION_COMMENTS = YES;
				CLANG_WARN_OBJC_ROOT_CLASS = YES_ERROR;
				"CODE_SIGN_IDENTITY[sdk=watchos*]" = "iPhone Developer";
				CODE_SIGN_STYLE = Automatic;
				COPY_PHASE_STRIP = NO;
				DEBUG_INFORMATION_FORMAT = "dwarf-with-dsym";
				DEVELOPMENT_TEAM = "";
				ENABLE_NS_ASSERTIONS = NO;
				GCC_WARN_ABOUT_RETURN_TYPE = YES_ERROR;
				GCC_WARN_UNINITIALIZED_AUTOS = YES_AGGRESSIVE;
				INFOPLIST_FILE = "WatchExample Extension/Info.plist";
				LD_RUNPATH_SEARCH_PATHS = "$(inherited) @executable_path/Frameworks @executable_path/../../Frameworks";
				MTL_ENABLE_DEBUG_INFO = NO;
				PRODUCT_BUNDLE_IDENTIFIER = nz.co.electricbolt.appfigurateexample.watchkitapp.watchkitextension;
				PRODUCT_NAME = WatchExampleExtension;
				PROVISIONING_PROFILE = "";
				PROVISIONING_PROFILE_SPECIFIER = "";
				SDKROOT = watchos;
				SKIP_INSTALL = YES;
				TARGETED_DEVICE_FAMILY = 4;
				WATCHOS_DEPLOYMENT_TARGET = 2.0;
			};
			name = Release;
		};
/* End XCBuildConfiguration section */

/* Begin XCConfigurationList section */
		0BE8816816BF155D008E9937 /* Build configuration list for PBXProject "AppfigurateExample" */ = {
			isa = XCConfigurationList;
			buildConfigurations = (
				0BE8818816BF155D008E9937 /* Debug */,
				0BE8818916BF155D008E9937 /* Release */,
			);
			defaultConfigurationIsVisible = 0;
			defaultConfigurationName = Release;
		};
		0BE8818A16BF155D008E9937 /* Build configuration list for PBXNativeTarget "AppfigurateExample (iOS)" */ = {
			isa = XCConfigurationList;
			buildConfigurations = (
				0BE8818B16BF155D008E9937 /* Debug */,
				0BE8818C16BF155D008E9937 /* Release */,
			);
			defaultConfigurationIsVisible = 0;
			defaultConfigurationName = Release;
		};
		748295B61FD3EF3A0046D63A /* Build configuration list for PBXNativeTarget "AppfigurateExampleUITests (iOS)" */ = {
			isa = XCConfigurationList;
			buildConfigurations = (
				748295B71FD3EF3A0046D63A /* Debug */,
				748295B81FD3EF3A0046D63A /* Release */,
			);
			defaultConfigurationIsVisible = 0;
			defaultConfigurationName = Release;
		};
		74C73BB81F6795110003B691 /* Build configuration list for PBXNativeTarget "SwiftExample (iOS)" */ = {
			isa = XCConfigurationList;
			buildConfigurations = (
				74C73BB91F6795110003B691 /* Debug */,
				74C73BBA1F6795110003B691 /* Release */,
			);
			defaultConfigurationIsVisible = 0;
			defaultConfigurationName = Release;
		};
		74D879A21E6CEE630017E90C /* Build configuration list for PBXNativeTarget "ActionExample Extension (iOS)" */ = {
			isa = XCConfigurationList;
			buildConfigurations = (
				74D879A01E6CEE630017E90C /* Debug */,
				74D879A11E6CEE630017E90C /* Release */,
			);
			defaultConfigurationIsVisible = 0;
			defaultConfigurationName = Release;
		};
		74E4D6871E0B1DD300A8C046 /* Build configuration list for PBXNativeTarget "WatchExample Extension (watchOS)" */ = {
			isa = XCConfigurationList;
			buildConfigurations = (
				74E4D6851E0B1DD300A8C046 /* Debug */,
				74E4D6861E0B1DD300A8C046 /* Release */,
			);
			defaultConfigurationIsVisible = 0;
			defaultConfigurationName = Release;
		};
		74E4D6891E0B1DD300A8C046 /* Build configuration list for PBXNativeTarget "WatchExample (watchOS)" */ = {
			isa = XCConfigurationList;
			buildConfigurations = (
				74E4D6831E0B1DD300A8C046 /* Debug */,
				74E4D6841E0B1DD300A8C046 /* Release */,
			);
			defaultConfigurationIsVisible = 0;
			defaultConfigurationName = Release;
		};
/* End XCConfigurationList section */
	};
	rootObject = 0BE8816516BF155D008E9937 /* Project object */;
}
