// !$*UTF8*$!
{
	archiveVersion = 1;
	classes = {
	};
	objectVersion = 52;
	objects = {

/* Begin PBXBuildFile section */
		4E0D8AC623FDEDEB00D4EBE5 /* ActionExampleExtension.appex in Embed App Extensions */ = {isa = PBXBuildFile; fileRef = 4E0D8ABA23FDEDEB00D4EBE5 /* ActionExampleExtension.appex */; settings = {ATTRIBUTES = (RemoveHeadersOnCopy, ); }; };
		4E0D8AD423FDEE7600D4EBE5 /* Images.xcassets in Resources */ = {isa = PBXBuildFile; fileRef = 4E0D8AD123FDEE7600D4EBE5 /* Images.xcassets */; };
		4E0D8ADA23FDF2D000D4EBE5 /* MainInterface.storyboard in Resources */ = {isa = PBXBuildFile; fileRef = 4E0D8AD923FDF2D000D4EBE5 /* MainInterface.storyboard */; };
		4E0D8ADC23FDF2EB00D4EBE5 /* ActionViewController.swift in Sources */ = {isa = PBXBuildFile; fileRef = 4E0D8ADB23FDF2EB00D4EBE5 /* ActionViewController.swift */; };
		4E0D8ADD23FDF34200D4EBE5 /* ExampleConfiguration.swift in Sources */ = {isa = PBXBuildFile; fileRef = 4EE2B23A23FA0232009BD9BF /* ExampleConfiguration.swift */; };
		4E16B5B8249E16150020A4D1 /* AppfigurateLibrary.xcframework in Frameworks */ = {isa = PBXBuildFile; fileRef = 4E16B5B7249E16150020A4D1 /* AppfigurateLibrary.xcframework */; };
		4E16B5B9249E161A0020A4D1 /* AppfigurateLibrary.xcframework in Frameworks */ = {isa = PBXBuildFile; fileRef = 4E16B5B7249E16150020A4D1 /* AppfigurateLibrary.xcframework */; };
		4E16B5BA249E161E0020A4D1 /* AppfigurateLibrary.xcframework in Frameworks */ = {isa = PBXBuildFile; fileRef = 4E16B5B7249E16150020A4D1 /* AppfigurateLibrary.xcframework */; };
		4E16B5BB249E16220020A4D1 /* AppfigurateLibrary.xcframework in Frameworks */ = {isa = PBXBuildFile; fileRef = 4E16B5B7249E16150020A4D1 /* AppfigurateLibrary.xcframework */; };
		4E16B5BC249E16260020A4D1 /* AppfigurateLibrary.xcframework in Frameworks */ = {isa = PBXBuildFile; fileRef = 4E16B5B7249E16150020A4D1 /* AppfigurateLibrary.xcframework */; };
		4E2A98BF23FE20F000ECA2DA /* IntentHandler.swift in Sources */ = {isa = PBXBuildFile; fileRef = 4E2A98BE23FE20F000ECA2DA /* IntentHandler.swift */; };
		4E2A98D423FE20F000ECA2DA /* Intent Extension (iOS).appex in Embed App Extensions */ = {isa = PBXBuildFile; fileRef = 4E2A98BC23FE20F000ECA2DA /* Intent Extension (iOS).appex */; settings = {ATTRIBUTES = (RemoveHeadersOnCopy, ); }; };
		4E63A0AB23FDE486007FDE42 /* IntentHandler.swift in Sources */ = {isa = PBXBuildFile; fileRef = 4E63A0AA23FDE486007FDE42 /* IntentHandler.swift */; };
		4E63A0AF23FDE486007FDE42 /* WatchExampleIntentExtension.appex in Embed App Extensions */ = {isa = PBXBuildFile; fileRef = 4E63A0A823FDE486007FDE42 /* WatchExampleIntentExtension.appex */; settings = {ATTRIBUTES = (RemoveHeadersOnCopy, ); }; };
		4E63A0B823FDE5FE007FDE42 /* ExampleConfiguration.swift in Sources */ = {isa = PBXBuildFile; fileRef = 4EE2B23A23FA0232009BD9BF /* ExampleConfiguration.swift */; };
		4E650A9E23FC922F00F33940 /* ExampleConfiguration.swift in Sources */ = {isa = PBXBuildFile; fileRef = 4EE2B23A23FA0232009BD9BF /* ExampleConfiguration.swift */; };
		4E650AA123FC938B00F33940 /* ExtensionDelegate.swift in Sources */ = {isa = PBXBuildFile; fileRef = 4E650AA023FC938B00F33940 /* ExtensionDelegate.swift */; };
		4E6A7E442471E383004AD3E9 /* SceneDelegate.swift in Sources */ = {isa = PBXBuildFile; fileRef = 4E6A7E3F2471E383004AD3E9 /* SceneDelegate.swift */; };
		4E9B673923FC773400D4F5D7 /* AppfigurateExampleUITests.swift in Sources */ = {isa = PBXBuildFile; fileRef = 4E9B673823FC773400D4F5D7 /* AppfigurateExampleUITests.swift */; };
		4E9B674123FC782E00D4F5D7 /* ExampleConfiguration.swift in Sources */ = {isa = PBXBuildFile; fileRef = 4EE2B23A23FA0232009BD9BF /* ExampleConfiguration.swift */; };
		4EBF09BE23FC8E90009B7379 /* Interface.storyboard in Resources */ = {isa = PBXBuildFile; fileRef = 4EBF09BC23FC8E90009B7379 /* Interface.storyboard */; };
		4EBF09C023FC8E91009B7379 /* Images.xcassets in Resources */ = {isa = PBXBuildFile; fileRef = 4EBF09BF23FC8E91009B7379 /* Images.xcassets */; };
		4EBF09C723FC8E92009B7379 /* WatchExampleExtension.appex in Embed App Extensions */ = {isa = PBXBuildFile; fileRef = 4EBF09C623FC8E92009B7379 /* WatchExampleExtension.appex */; settings = {ATTRIBUTES = (RemoveHeadersOnCopy, ); }; };
		4EBF09D223FC8E92009B7379 /* Assets.xcassets in Resources */ = {isa = PBXBuildFile; fileRef = 4EBF09D123FC8E92009B7379 /* Assets.xcassets */; };
		4EBF09D723FC8E92009B7379 /* WatchExample.app in Embed Watch Content */ = {isa = PBXBuildFile; fileRef = 4EBF09BA23FC8E90009B7379 /* WatchExample.app */; settings = {ATTRIBUTES = (RemoveHeadersOnCopy, ); }; };
		4EC4FCAC23FC98C600E7523C /* InterfaceController.swift in Sources */ = {isa = PBXBuildFile; fileRef = 4EC4FCAB23FC98C600E7523C /* InterfaceController.swift */; };
		4EC4FCAE23FCB32500E7523C /* ExampleRow.swift in Sources */ = {isa = PBXBuildFile; fileRef = 4EC4FCAD23FCB32500E7523C /* ExampleRow.swift */; };
		4EE2B24123FA0233009BD9BF /* ExampleConfiguration.swift in Sources */ = {isa = PBXBuildFile; fileRef = 4EE2B23A23FA0232009BD9BF /* ExampleConfiguration.swift */; };
		4EE2B24223FA0233009BD9BF /* Example.storyboard in Resources */ = {isa = PBXBuildFile; fileRef = 4EE2B23B23FA0232009BD9BF /* Example.storyboard */; };
		4EE2B24323FA0233009BD9BF /* AppDelegate.swift in Sources */ = {isa = PBXBuildFile; fileRef = 4EE2B23C23FA0232009BD9BF /* AppDelegate.swift */; };
		4EE2B24623FA0233009BD9BF /* ExampleViewController.swift in Sources */ = {isa = PBXBuildFile; fileRef = 4EE2B23F23FA0232009BD9BF /* ExampleViewController.swift */; };
		4EE2B24723FA0233009BD9BF /* LaunchScreen.storyboard in Resources */ = {isa = PBXBuildFile; fileRef = 4EE2B24023FA0233009BD9BF /* LaunchScreen.storyboard */; };
		4EE2B24D23FA03B6009BD9BF /* AppfigurateExample.xcassets in Resources */ = {isa = PBXBuildFile; fileRef = 4EE2B24C23FA03B6009BD9BF /* AppfigurateExample.xcassets */; };
/* End PBXBuildFile section */

/* Begin PBXContainerItemProxy section */
		4E0D8AC423FDEDEB00D4EBE5 /* PBXContainerItemProxy */ = {
			isa = PBXContainerItemProxy;
			containerPortal = 4E26AA5E23F9DC0C006F30E3 /* Project object */;
			proxyType = 1;
			remoteGlobalIDString = 4E0D8AB923FDEDEB00D4EBE5;
			remoteInfo = "ActionExample Extension";
		};
		4E2A98D223FE20F000ECA2DA /* PBXContainerItemProxy */ = {
			isa = PBXContainerItemProxy;
			containerPortal = 4E26AA5E23F9DC0C006F30E3 /* Project object */;
			proxyType = 1;
			remoteGlobalIDString = 4E2A98BB23FE20F000ECA2DA;
			remoteInfo = "Intent Extension";
		};
		4E63A0AD23FDE486007FDE42 /* PBXContainerItemProxy */ = {
			isa = PBXContainerItemProxy;
			containerPortal = 4E26AA5E23F9DC0C006F30E3 /* Project object */;
			proxyType = 1;
			remoteGlobalIDString = 4E63A0A723FDE486007FDE42;
			remoteInfo = "WatchExample Intent Extension";
		};
		4E9B673B23FC773500D4F5D7 /* PBXContainerItemProxy */ = {
			isa = PBXContainerItemProxy;
			containerPortal = 4E26AA5E23F9DC0C006F30E3 /* Project object */;
			proxyType = 1;
			remoteGlobalIDString = 4EE2B22423FA0193009BD9BF;
			remoteInfo = "AppfigurateExample (Swift iOS)";
		};
		4EBF09C823FC8E92009B7379 /* PBXContainerItemProxy */ = {
			isa = PBXContainerItemProxy;
			containerPortal = 4E26AA5E23F9DC0C006F30E3 /* Project object */;
			proxyType = 1;
			remoteGlobalIDString = 4EBF09C523FC8E92009B7379;
			remoteInfo = "WatchExample Extension";
		};
		4EBF09D523FC8E92009B7379 /* PBXContainerItemProxy */ = {
			isa = PBXContainerItemProxy;
			containerPortal = 4E26AA5E23F9DC0C006F30E3 /* Project object */;
			proxyType = 1;
			remoteGlobalIDString = 4EBF09B923FC8E90009B7379;
			remoteInfo = WatchExample;
		};
/* End PBXContainerItemProxy section */

/* Begin PBXCopyFilesBuildPhase section */
		4E0D8AC723FDEDEB00D4EBE5 /* Embed App Extensions */ = {
			isa = PBXCopyFilesBuildPhase;
			buildActionMask = 2147483647;
			dstPath = "";
			dstSubfolderSpec = 13;
			files = (
				4E2A98D423FE20F000ECA2DA /* Intent Extension (iOS).appex in Embed App Extensions */,
				4E0D8AC623FDEDEB00D4EBE5 /* ActionExampleExtension.appex in Embed App Extensions */,
			);
			name = "Embed App Extensions";
			runOnlyForDeploymentPostprocessing = 0;
		};
		4E63A0B023FDE486007FDE42 /* Embed App Extensions */ = {
			isa = PBXCopyFilesBuildPhase;
			buildActionMask = 2147483647;
			dstPath = "";
			dstSubfolderSpec = 13;
			files = (
				4E63A0AF23FDE486007FDE42 /* WatchExampleIntentExtension.appex in Embed App Extensions */,
			);
			name = "Embed App Extensions";
			runOnlyForDeploymentPostprocessing = 0;
		};
		4EBF09DB23FC8E92009B7379 /* Embed App Extensions */ = {
			isa = PBXCopyFilesBuildPhase;
			buildActionMask = 2147483647;
			dstPath = "";
			dstSubfolderSpec = 13;
			files = (
				4EBF09C723FC8E92009B7379 /* WatchExampleExtension.appex in Embed App Extensions */,
			);
			name = "Embed App Extensions";
			runOnlyForDeploymentPostprocessing = 0;
		};
		4EBF09DF23FC8E92009B7379 /* Embed Watch Content */ = {
			isa = PBXCopyFilesBuildPhase;
			buildActionMask = 2147483647;
			dstPath = "$(CONTENTS_FOLDER_PATH)/Watch";
			dstSubfolderSpec = 16;
			files = (
				4EBF09D723FC8E92009B7379 /* WatchExample.app in Embed Watch Content */,
			);
			name = "Embed Watch Content";
			runOnlyForDeploymentPostprocessing = 0;
		};
/* End PBXCopyFilesBuildPhase section */

/* Begin PBXFileReference section */
		4E05B4162405C21300183324 /* ActionExampleExtension.entitlements */ = {isa = PBXFileReference; lastKnownFileType = text.plist.entitlements; path = ActionExampleExtension.entitlements; sourceTree = SOURCE_ROOT; };
		4E0D8ABA23FDEDEB00D4EBE5 /* ActionExampleExtension.appex */ = {isa = PBXFileReference; explicitFileType = "wrapper.app-extension"; includeInIndex = 0; path = ActionExampleExtension.appex; sourceTree = BUILT_PRODUCTS_DIR; };
		4E0D8AD123FDEE7600D4EBE5 /* Images.xcassets */ = {isa = PBXFileReference; lastKnownFileType = folder.assetcatalog; path = Images.xcassets; sourceTree = "<group>"; };
		4E0D8AD223FDEE7600D4EBE5 /* Info.plist */ = {isa = PBXFileReference; fileEncoding = 4; lastKnownFileType = text.plist.xml; path = Info.plist; sourceTree = "<group>"; };
		4E0D8AD323FDEE7600D4EBE5 /* ActionExample Extension (iOS).entitlements */ = {isa = PBXFileReference; fileEncoding = 4; lastKnownFileType = text.plist.entitlements; path = "ActionExample Extension (iOS).entitlements"; sourceTree = "<group>"; };
		4E0D8AD923FDF2D000D4EBE5 /* MainInterface.storyboard */ = {isa = PBXFileReference; fileEncoding = 4; lastKnownFileType = file.storyboard; path = MainInterface.storyboard; sourceTree = "<group>"; };
		4E0D8ADB23FDF2EB00D4EBE5 /* ActionViewController.swift */ = {isa = PBXFileReference; lastKnownFileType = sourcecode.swift; path = ActionViewController.swift; sourceTree = "<group>"; };
		4E16B5B7249E16150020A4D1 /* AppfigurateLibrary.xcframework */ = {isa = PBXFileReference; lastKnownFileType = wrapper.xcframework; name = AppfigurateLibrary.xcframework; path = ../AppfigurateLibrary.xcframework; sourceTree = "<group>"; };
		4E2A98BC23FE20F000ECA2DA /* Intent Extension (iOS).appex */ = {isa = PBXFileReference; explicitFileType = "wrapper.app-extension"; includeInIndex = 0; path = "Intent Extension (iOS).appex"; sourceTree = BUILT_PRODUCTS_DIR; };
		4E2A98BE23FE20F000ECA2DA /* IntentHandler.swift */ = {isa = PBXFileReference; lastKnownFileType = sourcecode.swift; path = IntentHandler.swift; sourceTree = "<group>"; };
		4E2A98C623FE20F000ECA2DA /* IntentsUI.framework */ = {isa = PBXFileReference; lastKnownFileType = wrapper.framework; name = IntentsUI.framework; path = System/Library/Frameworks/IntentsUI.framework; sourceTree = SDKROOT; };
		4E2A98E023FE215D00ECA2DA /* Info.plist */ = {isa = PBXFileReference; fileEncoding = 4; lastKnownFileType = text.plist.xml; path = Info.plist; sourceTree = "<group>"; };
		4E2A98E123FE215D00ECA2DA /* Intent Extension (iOS).entitlements */ = {isa = PBXFileReference; fileEncoding = 4; lastKnownFileType = text.plist.entitlements; path = "Intent Extension (iOS).entitlements"; sourceTree = "<group>"; };
		4E63A0A823FDE486007FDE42 /* WatchExampleIntentExtension.appex */ = {isa = PBXFileReference; explicitFileType = "wrapper.app-extension"; includeInIndex = 0; path = WatchExampleIntentExtension.appex; sourceTree = BUILT_PRODUCTS_DIR; };
		4E63A0AA23FDE486007FDE42 /* IntentHandler.swift */ = {isa = PBXFileReference; lastKnownFileType = sourcecode.swift; path = IntentHandler.swift; sourceTree = "<group>"; };
		4E63A0AC23FDE486007FDE42 /* Info.plist */ = {isa = PBXFileReference; lastKnownFileType = text.plist.xml; path = Info.plist; sourceTree = "<group>"; };
		4E650A9623FC8FF500F33940 /* WatchExampleExtension.entitlements */ = {isa = PBXFileReference; fileEncoding = 4; lastKnownFileType = text.plist.entitlements; path = WatchExampleExtension.entitlements; sourceTree = "<group>"; };
		4E650AA023FC938B00F33940 /* ExtensionDelegate.swift */ = {isa = PBXFileReference; lastKnownFileType = sourcecode.swift; path = ExtensionDelegate.swift; sourceTree = "<group>"; };
		4E6A7E3F2471E383004AD3E9 /* SceneDelegate.swift */ = {isa = PBXFileReference; lastKnownFileType = sourcecode.swift; path = SceneDelegate.swift; sourceTree = "<group>"; };
		4E9B673623FC773400D4F5D7 /* AppfigurateExampleUITests.xctest */ = {isa = PBXFileReference; explicitFileType = wrapper.cfbundle; includeInIndex = 0; path = AppfigurateExampleUITests.xctest; sourceTree = BUILT_PRODUCTS_DIR; };
		4E9B673823FC773400D4F5D7 /* AppfigurateExampleUITests.swift */ = {isa = PBXFileReference; lastKnownFileType = sourcecode.swift; path = AppfigurateExampleUITests.swift; sourceTree = "<group>"; };
		4E9B673A23FC773500D4F5D7 /* Info.plist */ = {isa = PBXFileReference; lastKnownFileType = text.plist.xml; path = Info.plist; sourceTree = "<group>"; };
		4EBF09BA23FC8E90009B7379 /* WatchExample.app */ = {isa = PBXFileReference; explicitFileType = wrapper.application; includeInIndex = 0; path = WatchExample.app; sourceTree = BUILT_PRODUCTS_DIR; };
		4EBF09BD23FC8E90009B7379 /* Base */ = {isa = PBXFileReference; lastKnownFileType = file.storyboard; name = Base; path = Base.lproj/Interface.storyboard; sourceTree = "<group>"; };
		4EBF09BF23FC8E91009B7379 /* Images.xcassets */ = {isa = PBXFileReference; lastKnownFileType = folder.assetcatalog; path = Images.xcassets; sourceTree = "<group>"; };
		4EBF09C123FC8E91009B7379 /* Info.plist */ = {isa = PBXFileReference; lastKnownFileType = text.plist.xml; path = Info.plist; sourceTree = "<group>"; };
		4EBF09C623FC8E92009B7379 /* WatchExampleExtension.appex */ = {isa = PBXFileReference; explicitFileType = "wrapper.app-extension"; includeInIndex = 0; path = WatchExampleExtension.appex; sourceTree = BUILT_PRODUCTS_DIR; };
		4EBF09D123FC8E92009B7379 /* Assets.xcassets */ = {isa = PBXFileReference; lastKnownFileType = folder.assetcatalog; path = Assets.xcassets; sourceTree = "<group>"; };
		4EBF09D323FC8E92009B7379 /* Info.plist */ = {isa = PBXFileReference; lastKnownFileType = text.plist.xml; path = Info.plist; sourceTree = "<group>"; };
		4EC4FCAB23FC98C600E7523C /* InterfaceController.swift */ = {isa = PBXFileReference; lastKnownFileType = sourcecode.swift; path = InterfaceController.swift; sourceTree = "<group>"; };
		4EC4FCAD23FCB32500E7523C /* ExampleRow.swift */ = {isa = PBXFileReference; lastKnownFileType = sourcecode.swift; path = ExampleRow.swift; sourceTree = "<group>"; };
		4EE2B22523FA0193009BD9BF /* AppfigurateExample.app */ = {isa = PBXFileReference; explicitFileType = wrapper.application; includeInIndex = 0; path = AppfigurateExample.app; sourceTree = BUILT_PRODUCTS_DIR; };
		4EE2B23A23FA0232009BD9BF /* ExampleConfiguration.swift */ = {isa = PBXFileReference; fileEncoding = 4; lastKnownFileType = sourcecode.swift; path = ExampleConfiguration.swift; sourceTree = "<group>"; };
		4EE2B23B23FA0232009BD9BF /* Example.storyboard */ = {isa = PBXFileReference; fileEncoding = 4; lastKnownFileType = file.storyboard; path = Example.storyboard; sourceTree = "<group>"; };
		4EE2B23C23FA0232009BD9BF /* AppDelegate.swift */ = {isa = PBXFileReference; fileEncoding = 4; lastKnownFileType = sourcecode.swift; path = AppDelegate.swift; sourceTree = "<group>"; };
		4EE2B23F23FA0232009BD9BF /* ExampleViewController.swift */ = {isa = PBXFileReference; fileEncoding = 4; lastKnownFileType = sourcecode.swift; path = ExampleViewController.swift; sourceTree = "<group>"; };
		4EE2B24023FA0233009BD9BF /* LaunchScreen.storyboard */ = {isa = PBXFileReference; fileEncoding = 4; lastKnownFileType = file.storyboard; path = LaunchScreen.storyboard; sourceTree = "<group>"; };
		4EE2B24A23FA0389009BD9BF /* Info.plist */ = {isa = PBXFileReference; fileEncoding = 4; lastKnownFileType = text.plist.xml; path = Info.plist; sourceTree = "<group>"; };
		4EE2B24C23FA03B6009BD9BF /* AppfigurateExample.xcassets */ = {isa = PBXFileReference; lastKnownFileType = folder.assetcatalog; path = AppfigurateExample.xcassets; sourceTree = "<group>"; };
		4EE2B24E23FA03E4009BD9BF /* AppfigurateExample.entitlements */ = {isa = PBXFileReference; fileEncoding = 4; lastKnownFileType = text.plist.entitlements; path = AppfigurateExample.entitlements; sourceTree = "<group>"; };
/* End PBXFileReference section */

/* Begin PBXFrameworksBuildPhase section */
		4E0D8AB723FDEDEB00D4EBE5 /* Frameworks */ = {
			isa = PBXFrameworksBuildPhase;
			buildActionMask = 2147483647;
			files = (
				4E16B5B9249E161A0020A4D1 /* AppfigurateLibrary.xcframework in Frameworks */,
			);
			runOnlyForDeploymentPostprocessing = 0;
		};
		4E2A98B923FE20F000ECA2DA /* Frameworks */ = {
			isa = PBXFrameworksBuildPhase;
			buildActionMask = 2147483647;
			files = (
			);
			runOnlyForDeploymentPostprocessing = 0;
		};
		4E63A0A523FDE486007FDE42 /* Frameworks */ = {
			isa = PBXFrameworksBuildPhase;
			buildActionMask = 2147483647;
			files = (
				4E16B5BB249E16220020A4D1 /* AppfigurateLibrary.xcframework in Frameworks */,
			);
			runOnlyForDeploymentPostprocessing = 0;
		};
		4E9B673323FC773400D4F5D7 /* Frameworks */ = {
			isa = PBXFrameworksBuildPhase;
			buildActionMask = 2147483647;
			files = (
				4E16B5BC249E16260020A4D1 /* AppfigurateLibrary.xcframework in Frameworks */,
			);
			runOnlyForDeploymentPostprocessing = 0;
		};
		4EBF09C323FC8E92009B7379 /* Frameworks */ = {
			isa = PBXFrameworksBuildPhase;
			buildActionMask = 2147483647;
			files = (
				4E16B5BA249E161E0020A4D1 /* AppfigurateLibrary.xcframework in Frameworks */,
			);
			runOnlyForDeploymentPostprocessing = 0;
		};
		4EE2B22223FA0193009BD9BF /* Frameworks */ = {
			isa = PBXFrameworksBuildPhase;
			buildActionMask = 2147483647;
			files = (
				4E16B5B8249E16150020A4D1 /* AppfigurateLibrary.xcframework in Frameworks */,
			);
			runOnlyForDeploymentPostprocessing = 0;
		};
/* End PBXFrameworksBuildPhase section */

/* Begin PBXGroup section */
		4E0D8ABB23FDEDEB00D4EBE5 /* ActionExample Extension (iOS) */ = {
			isa = PBXGroup;
			children = (
				4E05B4162405C21300183324 /* ActionExampleExtension.entitlements */,
				4E0D8AD023FDEE5500D4EBE5 /* Supporting Files */,
				4E0D8ADB23FDF2EB00D4EBE5 /* ActionViewController.swift */,
				4E0D8AD923FDF2D000D4EBE5 /* MainInterface.storyboard */,
			);
			name = "ActionExample Extension (iOS)";
			path = "ActionExample Extension";
			sourceTree = "<group>";
		};
		4E0D8AD023FDEE5500D4EBE5 /* Supporting Files */ = {
			isa = PBXGroup;
			children = (
				4E0D8AD223FDEE7600D4EBE5 /* Info.plist */,
				4E0D8AD123FDEE7600D4EBE5 /* Images.xcassets */,
				4E0D8AD323FDEE7600D4EBE5 /* ActionExample Extension (iOS).entitlements */,
			);
			name = "Supporting Files";
			sourceTree = "<group>";
		};
		4E26AA5D23F9DC0C006F30E3 = {
			isa = PBXGroup;
			children = (
				4EE2B24923FA028D009BD9BF /* Common */,
				4EE2B22623FA0193009BD9BF /* AppfigurateExample (iOS) */,
				4E9B673723FC773400D4F5D7 /* AppfigurateExampleUITests (iOS) */,
				4EBF09BB23FC8E90009B7379 /* WatchExample (watchOS) */,
				4EBF09CA23FC8E92009B7379 /* WatchExample Extension (watchOS) */,
				4E63A0A923FDE486007FDE42 /* WatchExample Intent Extension (watchOS) */,
				4E0D8ABB23FDEDEB00D4EBE5 /* ActionExample Extension (iOS) */,
				4E2A98BD23FE20F000ECA2DA /* Intent Extension (iOS) */,
				4EE2B25023FA04AE009BD9BF /* Frameworks */,
				4E26AA6723F9DC0C006F30E3 /* Products */,
			);
			sourceTree = "<group>";
		};
		4E26AA6723F9DC0C006F30E3 /* Products */ = {
			isa = PBXGroup;
			children = (
				4EE2B22523FA0193009BD9BF /* AppfigurateExample.app */,
				4E9B673623FC773400D4F5D7 /* AppfigurateExampleUITests.xctest */,
				4EBF09BA23FC8E90009B7379 /* WatchExample.app */,
				4EBF09C623FC8E92009B7379 /* WatchExampleExtension.appex */,
				4E63A0A823FDE486007FDE42 /* WatchExampleIntentExtension.appex */,
				4E0D8ABA23FDEDEB00D4EBE5 /* ActionExampleExtension.appex */,
				4E2A98BC23FE20F000ECA2DA /* Intent Extension (iOS).appex */,
			);
			name = Products;
			sourceTree = "<group>";
		};
		4E2A98BD23FE20F000ECA2DA /* Intent Extension (iOS) */ = {
			isa = PBXGroup;
			children = (
				4E2A98DF23FE213F00ECA2DA /* Supporting Files */,
				4E2A98BE23FE20F000ECA2DA /* IntentHandler.swift */,
			);
			name = "Intent Extension (iOS)";
			path = "Intent Extension";
			sourceTree = "<group>";
		};
		4E2A98DF23FE213F00ECA2DA /* Supporting Files */ = {
			isa = PBXGroup;
			children = (
				4E2A98E023FE215D00ECA2DA /* Info.plist */,
				4E2A98E123FE215D00ECA2DA /* Intent Extension (iOS).entitlements */,
			);
			name = "Supporting Files";
			sourceTree = "<group>";
		};
		4E2A98E623FE21BE00ECA2DA /* Supporting Files */ = {
			isa = PBXGroup;
			children = (
				4E63A0AC23FDE486007FDE42 /* Info.plist */,
			);
			name = "Supporting Files";
			sourceTree = "<group>";
		};
		4E63A0A923FDE486007FDE42 /* WatchExample Intent Extension (watchOS) */ = {
			isa = PBXGroup;
			children = (
				4E2A98E623FE21BE00ECA2DA /* Supporting Files */,
				4E63A0AA23FDE486007FDE42 /* IntentHandler.swift */,
			);
			name = "WatchExample Intent Extension (watchOS)";
			path = "WatchExample Intent Extension";
			sourceTree = "<group>";
		};
		4E650A9123FC8F6F00F33940 /* Supporting Files */ = {
			isa = PBXGroup;
			children = (
				4EBF09D123FC8E92009B7379 /* Assets.xcassets */,
				4E650A9623FC8FF500F33940 /* WatchExampleExtension.entitlements */,
				4EBF09D323FC8E92009B7379 /* Info.plist */,
			);
			name = "Supporting Files";
			sourceTree = "<group>";
		};
		4E9B673723FC773400D4F5D7 /* AppfigurateExampleUITests (iOS) */ = {
			isa = PBXGroup;
			children = (
				4EBF09B723FC8B4C009B7379 /* Supporting Files */,
				4E9B673823FC773400D4F5D7 /* AppfigurateExampleUITests.swift */,
			);
			name = "AppfigurateExampleUITests (iOS)";
			path = AppfigurateExampleUITests;
			sourceTree = "<group>";
		};
		4EBF09B723FC8B4C009B7379 /* Supporting Files */ = {
			isa = PBXGroup;
			children = (
				4E9B673A23FC773500D4F5D7 /* Info.plist */,
			);
			name = "Supporting Files";
			sourceTree = "<group>";
		};
		4EBF09BB23FC8E90009B7379 /* WatchExample (watchOS) */ = {
			isa = PBXGroup;
			children = (
				4EBF09BC23FC8E90009B7379 /* Interface.storyboard */,
				4EBF09C123FC8E91009B7379 /* Info.plist */,
				4EBF09BF23FC8E91009B7379 /* Images.xcassets */,
			);
			name = "WatchExample (watchOS)";
			path = WatchExample;
			sourceTree = "<group>";
		};
		4EBF09CA23FC8E92009B7379 /* WatchExample Extension (watchOS) */ = {
			isa = PBXGroup;
			children = (
				4E650A9123FC8F6F00F33940 /* Supporting Files */,
				4EC4FCAD23FCB32500E7523C /* ExampleRow.swift */,
				4EC4FCAB23FC98C600E7523C /* InterfaceController.swift */,
				4E650AA023FC938B00F33940 /* ExtensionDelegate.swift */,
			);
			name = "WatchExample Extension (watchOS)";
			path = "WatchExample Extension";
			sourceTree = "<group>";
		};
		4EE2B22623FA0193009BD9BF /* AppfigurateExample (iOS) */ = {
			isa = PBXGroup;
			children = (
				4EE2B23923FA0206009BD9BF /* Supporting Files */,
				4EE2B23C23FA0232009BD9BF /* AppDelegate.swift */,
				4EE2B23B23FA0232009BD9BF /* Example.storyboard */,
				4EE2B23F23FA0232009BD9BF /* ExampleViewController.swift */,
				4E6A7E3F2471E383004AD3E9 /* SceneDelegate.swift */,
			);
			name = "AppfigurateExample (iOS)";
			path = AppfigurateExample;
			sourceTree = "<group>";
		};
		4EE2B23923FA0206009BD9BF /* Supporting Files */ = {
			isa = PBXGroup;
			children = (
				4EE2B24E23FA03E4009BD9BF /* AppfigurateExample.entitlements */,
				4EE2B24A23FA0389009BD9BF /* Info.plist */,
				4EE2B24023FA0233009BD9BF /* LaunchScreen.storyboard */,
				4EE2B24C23FA03B6009BD9BF /* AppfigurateExample.xcassets */,
			);
			name = "Supporting Files";
			sourceTree = "<group>";
		};
		4EE2B24923FA028D009BD9BF /* Common */ = {
			isa = PBXGroup;
			children = (
				4EE2B23A23FA0232009BD9BF /* ExampleConfiguration.swift */,
			);
			name = Common;
			path = AppfigurateExample;
			sourceTree = "<group>";
		};
		4EE2B25023FA04AE009BD9BF /* Frameworks */ = {
			isa = PBXGroup;
			children = (
				4E16B5B7249E16150020A4D1 /* AppfigurateLibrary.xcframework */,
				4E2A98C623FE20F000ECA2DA /* IntentsUI.framework */,
			);
			name = Frameworks;
			sourceTree = "<group>";
		};
/* End PBXGroup section */

/* Begin PBXNativeTarget section */
		4E0D8AB923FDEDEB00D4EBE5 /* ActionExample Extension (iOS) */ = {
			isa = PBXNativeTarget;
			buildConfigurationList = 4E0D8ACE23FDEDEB00D4EBE5 /* Build configuration list for PBXNativeTarget "ActionExample Extension (iOS)" */;
			buildPhases = (
				4E0D8AB623FDEDEB00D4EBE5 /* Sources */,
				4E0D8AB723FDEDEB00D4EBE5 /* Frameworks */,
				4E0D8AB823FDEDEB00D4EBE5 /* Resources */,
			);
			buildRules = (
			);
			dependencies = (
			);
			name = "ActionExample Extension (iOS)";
			productName = "ActionExample Extension";
			productReference = 4E0D8ABA23FDEDEB00D4EBE5 /* ActionExampleExtension.appex */;
			productType = "com.apple.product-type.app-extension";
		};
		4E2A98BB23FE20F000ECA2DA /* Intent Extension (iOS) */ = {
			isa = PBXNativeTarget;
			buildConfigurationList = 4E2A98DE23FE20F000ECA2DA /* Build configuration list for PBXNativeTarget "Intent Extension (iOS)" */;
			buildPhases = (
				4E2A98B823FE20F000ECA2DA /* Sources */,
				4E2A98B923FE20F000ECA2DA /* Frameworks */,
				4E2A98BA23FE20F000ECA2DA /* Resources */,
			);
			buildRules = (
			);
			dependencies = (
			);
			name = "Intent Extension (iOS)";
			productName = "Intent Extension";
			productReference = 4E2A98BC23FE20F000ECA2DA /* Intent Extension (iOS).appex */;
			productType = "com.apple.product-type.app-extension";
		};
		4E63A0A723FDE486007FDE42 /* WatchExample Intent Extension (watchOS) */ = {
			isa = PBXNativeTarget;
			buildConfigurationList = 4E63A0B723FDE486007FDE42 /* Build configuration list for PBXNativeTarget "WatchExample Intent Extension (watchOS)" */;
			buildPhases = (
				4E63A0A423FDE486007FDE42 /* Sources */,
				4E63A0A523FDE486007FDE42 /* Frameworks */,
				4E63A0A623FDE486007FDE42 /* Resources */,
			);
			buildRules = (
			);
			dependencies = (
			);
			name = "WatchExample Intent Extension (watchOS)";
			productName = "WatchExample Intent Extension";
			productReference = 4E63A0A823FDE486007FDE42 /* WatchExampleIntentExtension.appex */;
			productType = "com.apple.product-type.app-extension";
		};
		4E9B673523FC773400D4F5D7 /* AppfigurateExampleUITests (iOS) */ = {
			isa = PBXNativeTarget;
			buildConfigurationList = 4E9B673F23FC773500D4F5D7 /* Build configuration list for PBXNativeTarget "AppfigurateExampleUITests (iOS)" */;
			buildPhases = (
				4E9B673223FC773400D4F5D7 /* Sources */,
				4E9B673323FC773400D4F5D7 /* Frameworks */,
				4E9B673423FC773400D4F5D7 /* Resources */,
			);
			buildRules = (
			);
			dependencies = (
				4E9B673C23FC773500D4F5D7 /* PBXTargetDependency */,
			);
			name = "AppfigurateExampleUITests (iOS)";
			productName = AppfigurateExampleUITests;
			productReference = 4E9B673623FC773400D4F5D7 /* AppfigurateExampleUITests.xctest */;
			productType = "com.apple.product-type.bundle.ui-testing";
		};
		4EBF09B923FC8E90009B7379 /* WatchExample (watchOS) */ = {
			isa = PBXNativeTarget;
			buildConfigurationList = 4EBF09DC23FC8E92009B7379 /* Build configuration list for PBXNativeTarget "WatchExample (watchOS)" */;
			buildPhases = (
				4EBF09B823FC8E90009B7379 /* Resources */,
				4EBF09DB23FC8E92009B7379 /* Embed App Extensions */,
			);
			buildRules = (
			);
			dependencies = (
				4EBF09C923FC8E92009B7379 /* PBXTargetDependency */,
			);
			name = "WatchExample (watchOS)";
			productName = WatchExample;
			productReference = 4EBF09BA23FC8E90009B7379 /* WatchExample.app */;
			productType = "com.apple.product-type.application.watchapp2";
		};
		4EBF09C523FC8E92009B7379 /* WatchExample Extension (watchOS) */ = {
			isa = PBXNativeTarget;
			buildConfigurationList = 4EBF09D823FC8E92009B7379 /* Build configuration list for PBXNativeTarget "WatchExample Extension (watchOS)" */;
			buildPhases = (
				4EBF09C223FC8E92009B7379 /* Sources */,
				4EBF09C323FC8E92009B7379 /* Frameworks */,
				4EBF09C423FC8E92009B7379 /* Resources */,
				4E63A0B023FDE486007FDE42 /* Embed App Extensions */,
			);
			buildRules = (
			);
			dependencies = (
				4E63A0AE23FDE486007FDE42 /* PBXTargetDependency */,
			);
			name = "WatchExample Extension (watchOS)";
			productName = "WatchExample Extension";
			productReference = 4EBF09C623FC8E92009B7379 /* WatchExampleExtension.appex */;
			productType = "com.apple.product-type.watchkit2-extension";
		};
		4EE2B22423FA0193009BD9BF /* AppfigurateExample (iOS) */ = {
			isa = PBXNativeTarget;
			buildConfigurationList = 4EE2B23623FA0194009BD9BF /* Build configuration list for PBXNativeTarget "AppfigurateExample (iOS)" */;
			buildPhases = (
				4EE2B22123FA0193009BD9BF /* Sources */,
				4EE2B22223FA0193009BD9BF /* Frameworks */,
				4EE2B22323FA0193009BD9BF /* Resources */,
				4EBF09DF23FC8E92009B7379 /* Embed Watch Content */,
				4E0D8AC723FDEDEB00D4EBE5 /* Embed App Extensions */,
			);
			buildRules = (
			);
			dependencies = (
				4EBF09D623FC8E92009B7379 /* PBXTargetDependency */,
				4E0D8AC523FDEDEB00D4EBE5 /* PBXTargetDependency */,
				4E2A98D323FE20F000ECA2DA /* PBXTargetDependency */,
			);
			name = "AppfigurateExample (iOS)";
			productName = AppfigurateExample;
			productReference = 4EE2B22523FA0193009BD9BF /* AppfigurateExample.app */;
			productType = "com.apple.product-type.application";
		};
/* End PBXNativeTarget section */

/* Begin PBXProject section */
		4E26AA5E23F9DC0C006F30E3 /* Project object */ = {
			isa = PBXProject;
			attributes = {
				LastSwiftUpdateCheck = 1130;
				LastUpgradeCheck = 1200;
				ORGANIZATIONNAME = "Electric Bolt Limited";
				TargetAttributes = {
					4E0D8AB923FDEDEB00D4EBE5 = {
						CreatedOnToolsVersion = 11.3.1;
						LastSwiftMigration = 1130;
					};
					4E2A98BB23FE20F000ECA2DA = {
						CreatedOnToolsVersion = 11.3.1;
					};
					4E63A0A723FDE486007FDE42 = {
						CreatedOnToolsVersion = 11.3.1;
					};
					4E9B673523FC773400D4F5D7 = {
						CreatedOnToolsVersion = 11.3.1;
						TestTargetID = 4EE2B22423FA0193009BD9BF;
					};
					4EBF09B923FC8E90009B7379 = {
						CreatedOnToolsVersion = 11.3.1;
					};
					4EBF09C523FC8E92009B7379 = {
						CreatedOnToolsVersion = 11.3.1;
						LastSwiftMigration = 1130;
					};
					4EE2B22423FA0193009BD9BF = {
						CreatedOnToolsVersion = 11.3.1;
						LastSwiftMigration = 1130;
					};
				};
			};
			buildConfigurationList = 4E26AA6123F9DC0C006F30E3 /* Build configuration list for PBXProject "SwiftExample" */;
			compatibilityVersion = "Xcode 9.3";
			developmentRegion = en;
			hasScannedForEncodings = 0;
			knownRegions = (
				en,
				Base,
			);
			mainGroup = 4E26AA5D23F9DC0C006F30E3;
			productRefGroup = 4E26AA6723F9DC0C006F30E3 /* Products */;
			projectDirPath = "";
			projectRoot = "";
			targets = (
				4EE2B22423FA0193009BD9BF /* AppfigurateExample (iOS) */,
				4E0D8AB923FDEDEB00D4EBE5 /* ActionExample Extension (iOS) */,
				4EBF09B923FC8E90009B7379 /* WatchExample (watchOS) */,
				4EBF09C523FC8E92009B7379 /* WatchExample Extension (watchOS) */,
				4E63A0A723FDE486007FDE42 /* WatchExample Intent Extension (watchOS) */,
				4E9B673523FC773400D4F5D7 /* AppfigurateExampleUITests (iOS) */,
				4E2A98BB23FE20F000ECA2DA /* Intent Extension (iOS) */,
			);
		};
/* End PBXProject section */

/* Begin PBXResourcesBuildPhase section */
		4E0D8AB823FDEDEB00D4EBE5 /* Resources */ = {
			isa = PBXResourcesBuildPhase;
			buildActionMask = 2147483647;
			files = (
				4E0D8ADA23FDF2D000D4EBE5 /* MainInterface.storyboard in Resources */,
				4E0D8AD423FDEE7600D4EBE5 /* Images.xcassets in Resources */,
			);
			runOnlyForDeploymentPostprocessing = 0;
		};
		4E2A98BA23FE20F000ECA2DA /* Resources */ = {
			isa = PBXResourcesBuildPhase;
			buildActionMask = 2147483647;
			files = (
			);
			runOnlyForDeploymentPostprocessing = 0;
		};
		4E63A0A623FDE486007FDE42 /* Resources */ = {
			isa = PBXResourcesBuildPhase;
			buildActionMask = 2147483647;
			files = (
			);
			runOnlyForDeploymentPostprocessing = 0;
		};
		4E9B673423FC773400D4F5D7 /* Resources */ = {
			isa = PBXResourcesBuildPhase;
			buildActionMask = 2147483647;
			files = (
			);
			runOnlyForDeploymentPostprocessing = 0;
		};
		4EBF09B823FC8E90009B7379 /* Resources */ = {
			isa = PBXResourcesBuildPhase;
			buildActionMask = 2147483647;
			files = (
				4EBF09C023FC8E91009B7379 /* Images.xcassets in Resources */,
				4EBF09BE23FC8E90009B7379 /* Interface.storyboard in Resources */,
			);
			runOnlyForDeploymentPostprocessing = 0;
		};
		4EBF09C423FC8E92009B7379 /* Resources */ = {
			isa = PBXResourcesBuildPhase;
			buildActionMask = 2147483647;
			files = (
				4EBF09D223FC8E92009B7379 /* Assets.xcassets in Resources */,
			);
			runOnlyForDeploymentPostprocessing = 0;
		};
		4EE2B22323FA0193009BD9BF /* Resources */ = {
			isa = PBXResourcesBuildPhase;
			buildActionMask = 2147483647;
			files = (
				4EE2B24D23FA03B6009BD9BF /* AppfigurateExample.xcassets in Resources */,
				4EE2B24723FA0233009BD9BF /* LaunchScreen.storyboard in Resources */,
				4EE2B24223FA0233009BD9BF /* Example.storyboard in Resources */,
			);
			runOnlyForDeploymentPostprocessing = 0;
		};
/* End PBXResourcesBuildPhase section */

/* Begin PBXSourcesBuildPhase section */
		4E0D8AB623FDEDEB00D4EBE5 /* Sources */ = {
			isa = PBXSourcesBuildPhase;
			buildActionMask = 2147483647;
			files = (
				4E0D8ADC23FDF2EB00D4EBE5 /* ActionViewController.swift in Sources */,
				4E0D8ADD23FDF34200D4EBE5 /* ExampleConfiguration.swift in Sources */,
			);
			runOnlyForDeploymentPostprocessing = 0;
		};
		4E2A98B823FE20F000ECA2DA /* Sources */ = {
			isa = PBXSourcesBuildPhase;
			buildActionMask = 2147483647;
			files = (
				4E2A98BF23FE20F000ECA2DA /* IntentHandler.swift in Sources */,
			);
			runOnlyForDeploymentPostprocessing = 0;
		};
		4E63A0A423FDE486007FDE42 /* Sources */ = {
			isa = PBXSourcesBuildPhase;
			buildActionMask = 2147483647;
			files = (
				4E63A0AB23FDE486007FDE42 /* IntentHandler.swift in Sources */,
				4E63A0B823FDE5FE007FDE42 /* ExampleConfiguration.swift in Sources */,
			);
			runOnlyForDeploymentPostprocessing = 0;
		};
		4E9B673223FC773400D4F5D7 /* Sources */ = {
			isa = PBXSourcesBuildPhase;
			buildActionMask = 2147483647;
			files = (
				4E9B673923FC773400D4F5D7 /* AppfigurateExampleUITests.swift in Sources */,
				4E9B674123FC782E00D4F5D7 /* ExampleConfiguration.swift in Sources */,
			);
			runOnlyForDeploymentPostprocessing = 0;
		};
		4EBF09C223FC8E92009B7379 /* Sources */ = {
			isa = PBXSourcesBuildPhase;
			buildActionMask = 2147483647;
			files = (
				4E650AA123FC938B00F33940 /* ExtensionDelegate.swift in Sources */,
				4EC4FCAE23FCB32500E7523C /* ExampleRow.swift in Sources */,
				4EC4FCAC23FC98C600E7523C /* InterfaceController.swift in Sources */,
				4E650A9E23FC922F00F33940 /* ExampleConfiguration.swift in Sources */,
			);
			runOnlyForDeploymentPostprocessing = 0;
		};
		4EE2B22123FA0193009BD9BF /* Sources */ = {
			isa = PBXSourcesBuildPhase;
			buildActionMask = 2147483647;
			files = (
				4EE2B24623FA0233009BD9BF /* ExampleViewController.swift in Sources */,
				4EE2B24323FA0233009BD9BF /* AppDelegate.swift in Sources */,
				4EE2B24123FA0233009BD9BF /* ExampleConfiguration.swift in Sources */,
				4E6A7E442471E383004AD3E9 /* SceneDelegate.swift in Sources */,
			);
			runOnlyForDeploymentPostprocessing = 0;
		};
/* End PBXSourcesBuildPhase section */

/* Begin PBXTargetDependency section */
		4E0D8AC523FDEDEB00D4EBE5 /* PBXTargetDependency */ = {
			isa = PBXTargetDependency;
			target = 4E0D8AB923FDEDEB00D4EBE5 /* ActionExample Extension (iOS) */;
			targetProxy = 4E0D8AC423FDEDEB00D4EBE5 /* PBXContainerItemProxy */;
		};
		4E2A98D323FE20F000ECA2DA /* PBXTargetDependency */ = {
			isa = PBXTargetDependency;
			target = 4E2A98BB23FE20F000ECA2DA /* Intent Extension (iOS) */;
			targetProxy = 4E2A98D223FE20F000ECA2DA /* PBXContainerItemProxy */;
		};
		4E63A0AE23FDE486007FDE42 /* PBXTargetDependency */ = {
			isa = PBXTargetDependency;
			target = 4E63A0A723FDE486007FDE42 /* WatchExample Intent Extension (watchOS) */;
			targetProxy = 4E63A0AD23FDE486007FDE42 /* PBXContainerItemProxy */;
		};
		4E9B673C23FC773500D4F5D7 /* PBXTargetDependency */ = {
			isa = PBXTargetDependency;
			target = 4EE2B22423FA0193009BD9BF /* AppfigurateExample (iOS) */;
			targetProxy = 4E9B673B23FC773500D4F5D7 /* PBXContainerItemProxy */;
		};
		4EBF09C923FC8E92009B7379 /* PBXTargetDependency */ = {
			isa = PBXTargetDependency;
			target = 4EBF09C523FC8E92009B7379 /* WatchExample Extension (watchOS) */;
			targetProxy = 4EBF09C823FC8E92009B7379 /* PBXContainerItemProxy */;
		};
		4EBF09D623FC8E92009B7379 /* PBXTargetDependency */ = {
			isa = PBXTargetDependency;
			target = 4EBF09B923FC8E90009B7379 /* WatchExample (watchOS) */;
			targetProxy = 4EBF09D523FC8E92009B7379 /* PBXContainerItemProxy */;
		};
/* End PBXTargetDependency section */

/* Begin PBXVariantGroup section */
		4EBF09BC23FC8E90009B7379 /* Interface.storyboard */ = {
			isa = PBXVariantGroup;
			children = (
				4EBF09BD23FC8E90009B7379 /* Base */,
			);
			name = Interface.storyboard;
			sourceTree = "<group>";
		};
/* End PBXVariantGroup section */

/* Begin XCBuildConfiguration section */
		4E0D8AC823FDEDEB00D4EBE5 /* Debug */ = {
			isa = XCBuildConfiguration;
			buildSettings = {
				ASSETCATALOG_COMPILER_APPICON_NAME = AppIcon;
				CLANG_ENABLE_MODULES = YES;
				CODE_SIGN_ENTITLEMENTS = "ActionExample Extension/ActionExample Extension.entitlements";
				CODE_SIGN_IDENTITY = "Apple Development";
				CODE_SIGN_STYLE = Manual;
				CURRENT_PROJECT_VERSION = 2.1.0.1002;
				DEVELOPMENT_TEAM = "";
				INFOPLIST_FILE = "ActionExample Extension/Info.plist";
				IPHONEOS_DEPLOYMENT_TARGET = 10.0;
				LD_RUNPATH_SEARCH_PATHS = (
					"$(inherited)",
					"@executable_path/Frameworks",
					"@executable_path/../../Frameworks",
				);
				MARKETING_VERSION = 2.1.0;
				PRODUCT_BUNDLE_IDENTIFIER = nz.co.electricbolt.appfigurateexample.ActionExample;
				PRODUCT_NAME = ActionExampleExtension;
				PROVISIONING_PROFILE_SPECIFIER = "";
				SKIP_INSTALL = YES;
				SWIFT_OPTIMIZATION_LEVEL = "-Onone";
				SWIFT_VERSION = 5.0;
				TARGETED_DEVICE_FAMILY = "1,2";
			};
			name = Debug;
		};
		4E0D8AC923FDEDEB00D4EBE5 /* Release */ = {
			isa = XCBuildConfiguration;
			buildSettings = {
				ASSETCATALOG_COMPILER_APPICON_NAME = AppIcon;
				CLANG_ENABLE_MODULES = YES;
				CODE_SIGN_ENTITLEMENTS = "ActionExample Extension/ActionExample Extension.entitlements";
				CODE_SIGN_IDENTITY = "Apple Development";
				CODE_SIGN_STYLE = Manual;
				CURRENT_PROJECT_VERSION = 2.1.0.1002;
				DEVELOPMENT_TEAM = "";
				INFOPLIST_FILE = "ActionExample Extension/Info.plist";
				IPHONEOS_DEPLOYMENT_TARGET = 10.0;
				LD_RUNPATH_SEARCH_PATHS = (
					"$(inherited)",
					"@executable_path/Frameworks",
					"@executable_path/../../Frameworks",
				);
				MARKETING_VERSION = 2.1.0;
				PRODUCT_BUNDLE_IDENTIFIER = nz.co.electricbolt.appfigurateexample.ActionExample;
				PRODUCT_NAME = ActionExampleExtension;
				PROVISIONING_PROFILE_SPECIFIER = "";
				SKIP_INSTALL = YES;
				SWIFT_VERSION = 5.0;
				TARGETED_DEVICE_FAMILY = "1,2";
			};
			name = Release;
		};
		4E26AA7823F9DC0E006F30E3 /* Debug */ = {
			isa = XCBuildConfiguration;
			buildSettings = {
				ALWAYS_SEARCH_USER_PATHS = NO;
				CLANG_ANALYZER_NONNULL = YES;
				CLANG_ANALYZER_NUMBER_OBJECT_CONVERSION = YES_AGGRESSIVE;
				CLANG_CXX_LANGUAGE_STANDARD = "gnu++14";
				CLANG_CXX_LIBRARY = "libc++";
				CLANG_ENABLE_MODULES = YES;
				CLANG_ENABLE_OBJC_ARC = YES;
				CLANG_ENABLE_OBJC_WEAK = YES;
				CLANG_WARN_BLOCK_CAPTURE_AUTORELEASING = YES;
				CLANG_WARN_BOOL_CONVERSION = YES;
				CLANG_WARN_COMMA = YES;
				CLANG_WARN_CONSTANT_CONVERSION = YES;
				CLANG_WARN_DEPRECATED_OBJC_IMPLEMENTATIONS = YES;
				CLANG_WARN_DIRECT_OBJC_ISA_USAGE = YES_ERROR;
				CLANG_WARN_DOCUMENTATION_COMMENTS = YES;
				CLANG_WARN_EMPTY_BODY = YES;
				CLANG_WARN_ENUM_CONVERSION = YES;
				CLANG_WARN_INFINITE_RECURSION = YES;
				CLANG_WARN_INT_CONVERSION = YES;
				CLANG_WARN_NON_LITERAL_NULL_CONVERSION = YES;
				CLANG_WARN_OBJC_IMPLICIT_RETAIN_SELF = YES;
				CLANG_WARN_OBJC_LITERAL_CONVERSION = YES;
				CLANG_WARN_OBJC_ROOT_CLASS = YES_ERROR;
				CLANG_WARN_QUOTED_INCLUDE_IN_FRAMEWORK_HEADER = YES;
				CLANG_WARN_RANGE_LOOP_ANALYSIS = YES;
				CLANG_WARN_STRICT_PROTOTYPES = YES;
				CLANG_WARN_SUSPICIOUS_MOVE = YES;
				CLANG_WARN_UNGUARDED_AVAILABILITY = YES_AGGRESSIVE;
				CLANG_WARN_UNREACHABLE_CODE = YES;
				CLANG_WARN__DUPLICATE_METHOD_MATCH = YES;
				COPY_PHASE_STRIP = NO;
				DEBUG_INFORMATION_FORMAT = dwarf;
				ENABLE_STRICT_OBJC_MSGSEND = YES;
				ENABLE_TESTABILITY = YES;
				FRAMEWORK_SEARCH_PATHS = "$(SRCROOT)/../**";
				GCC_C_LANGUAGE_STANDARD = gnu11;
				GCC_DYNAMIC_NO_PIC = NO;
				GCC_NO_COMMON_BLOCKS = YES;
				GCC_OPTIMIZATION_LEVEL = 0;
				GCC_PREPROCESSOR_DEFINITIONS = (
					"DEBUG=1",
					"$(inherited)",
				);
				GCC_WARN_64_TO_32_BIT_CONVERSION = YES;
				GCC_WARN_ABOUT_RETURN_TYPE = YES_ERROR;
				GCC_WARN_UNDECLARED_SELECTOR = YES;
				GCC_WARN_UNINITIALIZED_AUTOS = YES_AGGRESSIVE;
				GCC_WARN_UNUSED_FUNCTION = YES;
				GCC_WARN_UNUSED_VARIABLE = YES;
				IPHONEOS_DEPLOYMENT_TARGET = 10.0;
				MTL_ENABLE_DEBUG_INFO = INCLUDE_SOURCE;
				MTL_FAST_MATH = YES;
				ONLY_ACTIVE_ARCH = YES;
				SDKROOT = iphoneos;
				SWIFT_ACTIVE_COMPILATION_CONDITIONS = DEBUG;
				SWIFT_OPTIMIZATION_LEVEL = "-Onone";
			};
			name = Debug;
		};
		4E26AA7923F9DC0E006F30E3 /* Release */ = {
			isa = XCBuildConfiguration;
			buildSettings = {
				ALWAYS_SEARCH_USER_PATHS = NO;
				CLANG_ANALYZER_NONNULL = YES;
				CLANG_ANALYZER_NUMBER_OBJECT_CONVERSION = YES_AGGRESSIVE;
				CLANG_CXX_LANGUAGE_STANDARD = "gnu++14";
				CLANG_CXX_LIBRARY = "libc++";
				CLANG_ENABLE_MODULES = YES;
				CLANG_ENABLE_OBJC_ARC = YES;
				CLANG_ENABLE_OBJC_WEAK = YES;
				CLANG_WARN_BLOCK_CAPTURE_AUTORELEASING = YES;
				CLANG_WARN_BOOL_CONVERSION = YES;
				CLANG_WARN_COMMA = YES;
				CLANG_WARN_CONSTANT_CONVERSION = YES;
				CLANG_WARN_DEPRECATED_OBJC_IMPLEMENTATIONS = YES;
				CLANG_WARN_DIRECT_OBJC_ISA_USAGE = YES_ERROR;
				CLANG_WARN_DOCUMENTATION_COMMENTS = YES;
				CLANG_WARN_EMPTY_BODY = YES;
				CLANG_WARN_ENUM_CONVERSION = YES;
				CLANG_WARN_INFINITE_RECURSION = YES;
				CLANG_WARN_INT_CONVERSION = YES;
				CLANG_WARN_NON_LITERAL_NULL_CONVERSION = YES;
				CLANG_WARN_OBJC_IMPLICIT_RETAIN_SELF = YES;
				CLANG_WARN_OBJC_LITERAL_CONVERSION = YES;
				CLANG_WARN_OBJC_ROOT_CLASS = YES_ERROR;
				CLANG_WARN_QUOTED_INCLUDE_IN_FRAMEWORK_HEADER = YES;
				CLANG_WARN_RANGE_LOOP_ANALYSIS = YES;
				CLANG_WARN_STRICT_PROTOTYPES = YES;
				CLANG_WARN_SUSPICIOUS_MOVE = YES;
				CLANG_WARN_UNGUARDED_AVAILABILITY = YES_AGGRESSIVE;
				CLANG_WARN_UNREACHABLE_CODE = YES;
				CLANG_WARN__DUPLICATE_METHOD_MATCH = YES;
				COPY_PHASE_STRIP = NO;
				DEBUG_INFORMATION_FORMAT = "dwarf-with-dsym";
				ENABLE_NS_ASSERTIONS = NO;
				ENABLE_STRICT_OBJC_MSGSEND = YES;
				FRAMEWORK_SEARCH_PATHS = "$(SRCROOT)/../**";
				GCC_C_LANGUAGE_STANDARD = gnu11;
				GCC_NO_COMMON_BLOCKS = YES;
				GCC_WARN_64_TO_32_BIT_CONVERSION = YES;
				GCC_WARN_ABOUT_RETURN_TYPE = YES_ERROR;
				GCC_WARN_UNDECLARED_SELECTOR = YES;
				GCC_WARN_UNINITIALIZED_AUTOS = YES_AGGRESSIVE;
				GCC_WARN_UNUSED_FUNCTION = YES;
				GCC_WARN_UNUSED_VARIABLE = YES;
				IPHONEOS_DEPLOYMENT_TARGET = 10.0;
				MTL_ENABLE_DEBUG_INFO = NO;
				MTL_FAST_MATH = YES;
				SDKROOT = iphoneos;
				SWIFT_COMPILATION_MODE = wholemodule;
				SWIFT_OPTIMIZATION_LEVEL = "-O";
				VALIDATE_PRODUCT = YES;
			};
			name = Release;
		};
		4E2A98D523FE20F000ECA2DA /* Debug */ = {
			isa = XCBuildConfiguration;
			buildSettings = {
				CODE_SIGN_ENTITLEMENTS = "Intent Extension/Intent Extension.entitlements";
				CODE_SIGN_IDENTITY = "Apple Development";
				CODE_SIGN_STYLE = Manual;
				CURRENT_PROJECT_VERSION = 2.1.0.1002;
				DEVELOPMENT_TEAM = "";
				INFOPLIST_FILE = "Intent Extension/Info.plist";
				IPHONEOS_DEPLOYMENT_TARGET = 10.0;
				LD_RUNPATH_SEARCH_PATHS = (
					"$(inherited)",
					"@executable_path/Frameworks",
					"@executable_path/../../Frameworks",
				);
				MARKETING_VERSION = 2.1.0;
				PRODUCT_BUNDLE_IDENTIFIER = nz.co.electricbolt.appfigurateexample.intentextension;
				PRODUCT_NAME = "$(TARGET_NAME)";
				PROVISIONING_PROFILE_SPECIFIER = "";
				SKIP_INSTALL = YES;
				SWIFT_VERSION = 5.0;
				TARGETED_DEVICE_FAMILY = "1,2";
			};
			name = Debug;
		};
		4E2A98D623FE20F000ECA2DA /* Release */ = {
			isa = XCBuildConfiguration;
			buildSettings = {
				CODE_SIGN_ENTITLEMENTS = "Intent Extension/Intent Extension.entitlements";
				CODE_SIGN_IDENTITY = "Apple Development";
				CODE_SIGN_STYLE = Manual;
				CURRENT_PROJECT_VERSION = 2.1.0.1002;
				DEVELOPMENT_TEAM = "";
				INFOPLIST_FILE = "Intent Extension/Info.plist";
				IPHONEOS_DEPLOYMENT_TARGET = 10.0;
				LD_RUNPATH_SEARCH_PATHS = (
					"$(inherited)",
					"@executable_path/Frameworks",
					"@executable_path/../../Frameworks",
				);
				MARKETING_VERSION = 2.1.0;
				PRODUCT_BUNDLE_IDENTIFIER = nz.co.electricbolt.appfigurateexample.intentextension;
				PRODUCT_NAME = "$(TARGET_NAME)";
				PROVISIONING_PROFILE_SPECIFIER = "";
				SKIP_INSTALL = YES;
				SWIFT_VERSION = 5.0;
				TARGETED_DEVICE_FAMILY = "1,2";
			};
			name = Release;
		};
		4E63A0B123FDE486007FDE42 /* Debug */ = {
			isa = XCBuildConfiguration;
			buildSettings = {
				CODE_SIGN_ENTITLEMENTS = "WatchExample Intent Extension/WatchExample Intent Extension.entitlements";
				CODE_SIGN_IDENTITY = "Apple Development";
				CODE_SIGN_STYLE = Manual;
				CURRENT_PROJECT_VERSION = 2.1.0.1002;
				DEVELOPMENT_TEAM = "";
				INFOPLIST_FILE = "WatchExample Intent Extension/Info.plist";
				LD_RUNPATH_SEARCH_PATHS = (
					"$(inherited)",
					"@executable_path/Frameworks",
					"@executable_path/../../Frameworks",
					"@executable_path/../../../../Frameworks",
				);
				MARKETING_VERSION = 2.1.0;
				PRODUCT_BUNDLE_IDENTIFIER = nz.co.electricbolt.appfigurateexample.watchkitapp.watchkitextension.intentextension;
				PRODUCT_NAME = WatchExampleIntentExtension;
				PROVISIONING_PROFILE_SPECIFIER = "";
				SDKROOT = watchos;
				SKIP_INSTALL = YES;
				SWIFT_VERSION = 5.0;
				TARGETED_DEVICE_FAMILY = 4;
				WATCHOS_DEPLOYMENT_TARGET = 3.2;
			};
			name = Debug;
		};
		4E63A0B223FDE486007FDE42 /* Release */ = {
			isa = XCBuildConfiguration;
			buildSettings = {
				CODE_SIGN_ENTITLEMENTS = "WatchExample Intent Extension/WatchExample Intent Extension.entitlements";
				CODE_SIGN_IDENTITY = "Apple Development";
				CODE_SIGN_STYLE = Manual;
				CURRENT_PROJECT_VERSION = 2.1.0.1002;
				DEVELOPMENT_TEAM = "";
				INFOPLIST_FILE = "WatchExample Intent Extension/Info.plist";
				LD_RUNPATH_SEARCH_PATHS = (
					"$(inherited)",
					"@executable_path/Frameworks",
					"@executable_path/../../Frameworks",
					"@executable_path/../../../../Frameworks",
				);
				MARKETING_VERSION = 2.1.0;
				PRODUCT_BUNDLE_IDENTIFIER = nz.co.electricbolt.appfigurateexample.watchkitapp.watchkitextension.intentextension;
				PRODUCT_NAME = WatchExampleIntentExtension;
				PROVISIONING_PROFILE_SPECIFIER = "";
				SDKROOT = watchos;
				SKIP_INSTALL = YES;
				SWIFT_VERSION = 5.0;
				TARGETED_DEVICE_FAMILY = 4;
				WATCHOS_DEPLOYMENT_TARGET = 3.2;
			};
			name = Release;
		};
		4E9B673D23FC773500D4F5D7 /* Debug */ = {
			isa = XCBuildConfiguration;
			buildSettings = {
				CODE_SIGN_IDENTITY = "Apple Development";
				"CODE_SIGN_IDENTITY[sdk=macosx*]" = "Apple Development";
				CODE_SIGN_STYLE = Manual;
				DEVELOPMENT_TEAM = "";
				INFOPLIST_FILE = AppfigurateExampleUITests/Info.plist;
				LD_RUNPATH_SEARCH_PATHS = (
					"$(inherited)",
					"@executable_path/Frameworks",
					"@loader_path/Frameworks",
				);
				PRODUCT_BUNDLE_IDENTIFIER = nz.co.electricbolt.AppfigurateExampleUITests;
				PRODUCT_NAME = AppfigurateExampleUITests;
				PROVISIONING_PROFILE_SPECIFIER = "";
				"PROVISIONING_PROFILE_SPECIFIER[sdk=macosx*]" = "";
				SWIFT_VERSION = 5.0;
				TARGETED_DEVICE_FAMILY = "1,2";
				TEST_TARGET_NAME = "AppfigurateExample (iOS)";
			};
			name = Debug;
		};
		4E9B673E23FC773500D4F5D7 /* Release */ = {
			isa = XCBuildConfiguration;
			buildSettings = {
				CODE_SIGN_IDENTITY = "Apple Development";
				"CODE_SIGN_IDENTITY[sdk=macosx*]" = "Apple Development";
				CODE_SIGN_STYLE = Manual;
				DEVELOPMENT_TEAM = "";
				INFOPLIST_FILE = AppfigurateExampleUITests/Info.plist;
				LD_RUNPATH_SEARCH_PATHS = (
					"$(inherited)",
					"@executable_path/Frameworks",
					"@loader_path/Frameworks",
				);
				PRODUCT_BUNDLE_IDENTIFIER = nz.co.electricbolt.AppfigurateExampleUITests;
				PRODUCT_NAME = AppfigurateExampleUITests;
				PROVISIONING_PROFILE_SPECIFIER = "";
				"PROVISIONING_PROFILE_SPECIFIER[sdk=macosx*]" = "";
				SWIFT_VERSION = 5.0;
				TARGETED_DEVICE_FAMILY = "1,2";
				TEST_TARGET_NAME = "AppfigurateExample (iOS)";
			};
			name = Release;
		};
		4EBF09D923FC8E92009B7379 /* Debug */ = {
			isa = XCBuildConfiguration;
			buildSettings = {
				ASSETCATALOG_COMPILER_COMPLICATION_NAME = Complication;
				CLANG_ENABLE_MODULES = YES;
				CODE_SIGN_ENTITLEMENTS = "WatchExample Extension/WatchExampleExtension.entitlements";
				CODE_SIGN_IDENTITY = "Apple Development";
				CODE_SIGN_STYLE = Manual;
				CURRENT_PROJECT_VERSION = 2.1.0.1002;
				DEVELOPMENT_TEAM = "";
				INFOPLIST_FILE = "WatchExample Extension/Info.plist";
				LD_RUNPATH_SEARCH_PATHS = (
					"$(inherited)",
					"@executable_path/Frameworks",
					"@executable_path/../../Frameworks",
				);
				MARKETING_VERSION = 2.1.0;
				PRODUCT_BUNDLE_IDENTIFIER = nz.co.electricbolt.appfigurateexample.watchkitapp.watchkitextension;
				PRODUCT_NAME = WatchExampleExtension;
				PROVISIONING_PROFILE_SPECIFIER = "";
				SDKROOT = watchos;
				SKIP_INSTALL = YES;
				SWIFT_OPTIMIZATION_LEVEL = "-Onone";
				SWIFT_VERSION = 5.0;
				TARGETED_DEVICE_FAMILY = 4;
				WATCHOS_DEPLOYMENT_TARGET = 3.0;
			};
			name = Debug;
		};
		4EBF09DA23FC8E92009B7379 /* Release */ = {
			isa = XCBuildConfiguration;
			buildSettings = {
				ASSETCATALOG_COMPILER_COMPLICATION_NAME = Complication;
				CLANG_ENABLE_MODULES = YES;
				CODE_SIGN_ENTITLEMENTS = "WatchExample Extension/WatchExampleExtension.entitlements";
				CODE_SIGN_IDENTITY = "Apple Development";
				CODE_SIGN_STYLE = Manual;
				CURRENT_PROJECT_VERSION = 2.1.0.1002;
				DEVELOPMENT_TEAM = "";
				INFOPLIST_FILE = "WatchExample Extension/Info.plist";
				LD_RUNPATH_SEARCH_PATHS = (
					"$(inherited)",
					"@executable_path/Frameworks",
					"@executable_path/../../Frameworks",
				);
				MARKETING_VERSION = 2.1.0;
				PRODUCT_BUNDLE_IDENTIFIER = nz.co.electricbolt.appfigurateexample.watchkitapp.watchkitextension;
				PRODUCT_NAME = WatchExampleExtension;
				PROVISIONING_PROFILE_SPECIFIER = "";
				SDKROOT = watchos;
				SKIP_INSTALL = YES;
				SWIFT_VERSION = 5.0;
				TARGETED_DEVICE_FAMILY = 4;
				WATCHOS_DEPLOYMENT_TARGET = 3.0;
			};
			name = Release;
		};
		4EBF09DD23FC8E92009B7379 /* Debug */ = {
			isa = XCBuildConfiguration;
			buildSettings = {
				ALWAYS_EMBED_SWIFT_STANDARD_LIBRARIES = YES;
				ASSETCATALOG_COMPILER_APPICON_NAME = WatchExampleAppIcon;
				CODE_SIGN_IDENTITY = "Apple Development";
				CODE_SIGN_STYLE = Manual;
				CURRENT_PROJECT_VERSION = 2.1.0.1002;
				DEVELOPMENT_TEAM = "";
				IBSC_MODULE = WatchExample_Extension;
				INFOPLIST_FILE = WatchExample/Info.plist;
				MARKETING_VERSION = 2.1.0;
				PRODUCT_BUNDLE_IDENTIFIER = nz.co.electricbolt.appfigurateexample.watchkitapp;
				PRODUCT_NAME = WatchExample;
				PROVISIONING_PROFILE_SPECIFIER = "";
				SDKROOT = watchos;
				SKIP_INSTALL = YES;
				SWIFT_VERSION = 5.0;
				TARGETED_DEVICE_FAMILY = 4;
				WATCHOS_DEPLOYMENT_TARGET = 3.0;
			};
			name = Debug;
		};
		4EBF09DE23FC8E92009B7379 /* Release */ = {
			isa = XCBuildConfiguration;
			buildSettings = {
				ALWAYS_EMBED_SWIFT_STANDARD_LIBRARIES = YES;
				ASSETCATALOG_COMPILER_APPICON_NAME = WatchExampleAppIcon;
				CODE_SIGN_IDENTITY = "Apple Development";
				CODE_SIGN_STYLE = Manual;
				CURRENT_PROJECT_VERSION = 2.1.0.1002;
				DEVELOPMENT_TEAM = "";
				IBSC_MODULE = WatchExample_Extension;
				INFOPLIST_FILE = WatchExample/Info.plist;
				MARKETING_VERSION = 2.1.0;
				PRODUCT_BUNDLE_IDENTIFIER = nz.co.electricbolt.appfigurateexample.watchkitapp;
				PRODUCT_NAME = WatchExample;
				PROVISIONING_PROFILE_SPECIFIER = "";
				SDKROOT = watchos;
				SKIP_INSTALL = YES;
				SWIFT_VERSION = 5.0;
				TARGETED_DEVICE_FAMILY = 4;
				WATCHOS_DEPLOYMENT_TARGET = 3.0;
			};
			name = Release;
		};
		4EE2B23723FA0194009BD9BF /* Debug */ = {
			isa = XCBuildConfiguration;
			buildSettings = {
				ALWAYS_EMBED_SWIFT_STANDARD_LIBRARIES = YES;
				ASSETCATALOG_COMPILER_APPICON_NAME = AppfigurateExampleAppIcon;
				CLANG_ENABLE_MODULES = YES;
				CODE_SIGN_ENTITLEMENTS = AppfigurateExample/AppfigurateExample.entitlements;
				CODE_SIGN_IDENTITY = "Apple Development";
				CODE_SIGN_STYLE = Manual;
				CURRENT_PROJECT_VERSION = 2.1.0.1002;
				DEVELOPMENT_TEAM = "";
				INFOPLIST_FILE = AppfigurateExample/Info.plist;
				IPHONEOS_DEPLOYMENT_TARGET = 10.0;
				LD_RUNPATH_SEARCH_PATHS = (
					"$(inherited)",
					"@executable_path/Frameworks",
				);
				MARKETING_VERSION = 2.1.0;
				PRODUCT_BUNDLE_IDENTIFIER = nz.co.electricbolt.appfigurateexample;
				PRODUCT_NAME = AppfigurateExample;
				PROVISIONING_PROFILE_SPECIFIER = "";
				SWIFT_OPTIMIZATION_LEVEL = "-Onone";
				SWIFT_VERSION = 5.0;
				TARGETED_DEVICE_FAMILY = "1,2";
			};
			name = Debug;
		};
		4EE2B23823FA0194009BD9BF /* Release */ = {
			isa = XCBuildConfiguration;
			buildSettings = {
				ALWAYS_EMBED_SWIFT_STANDARD_LIBRARIES = YES;
				ASSETCATALOG_COMPILER_APPICON_NAME = AppfigurateExampleAppIcon;
				CLANG_ENABLE_MODULES = YES;
				CODE_SIGN_ENTITLEMENTS = AppfigurateExample/AppfigurateExample.entitlements;
				CODE_SIGN_IDENTITY = "Apple Development";
				CODE_SIGN_STYLE = Manual;
				CURRENT_PROJECT_VERSION = 2.1.0.1002;
				DEVELOPMENT_TEAM = "";
				INFOPLIST_FILE = AppfigurateExample/Info.plist;
				IPHONEOS_DEPLOYMENT_TARGET = 10.0;
				LD_RUNPATH_SEARCH_PATHS = (
					"$(inherited)",
					"@executable_path/Frameworks",
				);
				MARKETING_VERSION = 2.1.0;
				PRODUCT_BUNDLE_IDENTIFIER = nz.co.electricbolt.appfigurateexample;
				PRODUCT_NAME = AppfigurateExample;
				PROVISIONING_PROFILE_SPECIFIER = "";
				SWIFT_VERSION = 5.0;
				TARGETED_DEVICE_FAMILY = "1,2";
			};
			name = Release;
		};
/* End XCBuildConfiguration section */

/* Begin XCConfigurationList section */
		4E0D8ACE23FDEDEB00D4EBE5 /* Build configuration list for PBXNativeTarget "ActionExample Extension (iOS)" */ = {
			isa = XCConfigurationList;
			buildConfigurations = (
				4E0D8AC823FDEDEB00D4EBE5 /* Debug */,
				4E0D8AC923FDEDEB00D4EBE5 /* Release */,
			);
			defaultConfigurationIsVisible = 0;
			defaultConfigurationName = Release;
		};
		4E26AA6123F9DC0C006F30E3 /* Build configuration list for PBXProject "SwiftExample" */ = {
			isa = XCConfigurationList;
			buildConfigurations = (
				4E26AA7823F9DC0E006F30E3 /* Debug */,
				4E26AA7923F9DC0E006F30E3 /* Release */,
			);
			defaultConfigurationIsVisible = 0;
			defaultConfigurationName = Release;
		};
		4E2A98DE23FE20F000ECA2DA /* Build configuration list for PBXNativeTarget "Intent Extension (iOS)" */ = {
			isa = XCConfigurationList;
			buildConfigurations = (
				4E2A98D523FE20F000ECA2DA /* Debug */,
				4E2A98D623FE20F000ECA2DA /* Release */,
			);
			defaultConfigurationIsVisible = 0;
			defaultConfigurationName = Release;
		};
		4E63A0B723FDE486007FDE42 /* Build configuration list for PBXNativeTarget "WatchExample Intent Extension (watchOS)" */ = {
			isa = XCConfigurationList;
			buildConfigurations = (
				4E63A0B123FDE486007FDE42 /* Debug */,
				4E63A0B223FDE486007FDE42 /* Release */,
			);
			defaultConfigurationIsVisible = 0;
			defaultConfigurationName = Release;
		};
		4E9B673F23FC773500D4F5D7 /* Build configuration list for PBXNativeTarget "AppfigurateExampleUITests (iOS)" */ = {
			isa = XCConfigurationList;
			buildConfigurations = (
				4E9B673D23FC773500D4F5D7 /* Debug */,
				4E9B673E23FC773500D4F5D7 /* Release */,
			);
			defaultConfigurationIsVisible = 0;
			defaultConfigurationName = Release;
		};
		4EBF09D823FC8E92009B7379 /* Build configuration list for PBXNativeTarget "WatchExample Extension (watchOS)" */ = {
			isa = XCConfigurationList;
			buildConfigurations = (
				4EBF09D923FC8E92009B7379 /* Debug */,
				4EBF09DA23FC8E92009B7379 /* Release */,
			);
			defaultConfigurationIsVisible = 0;
			defaultConfigurationName = Release;
		};
		4EBF09DC23FC8E92009B7379 /* Build configuration list for PBXNativeTarget "WatchExample (watchOS)" */ = {
			isa = XCConfigurationList;
			buildConfigurations = (
				4EBF09DD23FC8E92009B7379 /* Debug */,
				4EBF09DE23FC8E92009B7379 /* Release */,
			);
			defaultConfigurationIsVisible = 0;
			defaultConfigurationName = Release;
		};
		4EE2B23623FA0194009BD9BF /* Build configuration list for PBXNativeTarget "AppfigurateExample (iOS)" */ = {
			isa = XCConfigurationList;
			buildConfigurations = (
				4EE2B23723FA0194009BD9BF /* Debug */,
				4EE2B23823FA0194009BD9BF /* Release */,
			);
			defaultConfigurationIsVisible = 0;
			defaultConfigurationName = Release;
		};
/* End XCConfigurationList section */
	};
	rootObject = 4E26AA5E23F9DC0C006F30E3 /* Project object */;
}
